// !$*UTF8*$!
{
	archiveVersion = 1;
	classes = {
	};
	objectVersion = 46;
	objects = {

/* Begin PBXBuildFile section */
		66FB8B191EA26D4900C92C21 /* AppDelegate.swift in Sources */ = {isa = PBXBuildFile; fileRef = 66FB8B181EA26D4900C92C21 /* AppDelegate.swift */; };
		66FB8B1B1EA26D4900C92C21 /* ViewController.swift in Sources */ = {isa = PBXBuildFile; fileRef = 66FB8B1A1EA26D4900C92C21 /* ViewController.swift */; };
		66FB8B1E1EA26D4900C92C21 /* Main.storyboard in Resources */ = {isa = PBXBuildFile; fileRef = 66FB8B1C1EA26D4900C92C21 /* Main.storyboard */; };
		66FB8B201EA26D4900C92C21 /* Assets.xcassets in Resources */ = {isa = PBXBuildFile; fileRef = 66FB8B1F1EA26D4900C92C21 /* Assets.xcassets */; };
		66FB8B231EA26D4900C92C21 /* LaunchScreen.storyboard in Resources */ = {isa = PBXBuildFile; fileRef = 66FB8B211EA26D4900C92C21 /* LaunchScreen.storyboard */; };
		66FB8B2B1EA26DCB00C92C21 /* Podfile in Resources */ = {isa = PBXBuildFile; fileRef = 66FB8B2A1EA26DCB00C92C21 /* Podfile */; };
		66FB8B2F1EA271D100C92C21 /* SwiftyJSON.framework in Frameworks */ = {isa = PBXBuildFile; fileRef = 66FB8B2E1EA271D100C92C21 /* SwiftyJSON.framework */; };
		66FB8B311EA2965800C92C21 /* jsonFile.json in Resources */ = {isa = PBXBuildFile; fileRef = 66FB8B301EA2965800C92C21 /* jsonFile.json */; };
		B8C8942A922F30EFD2545B32 /* Pods_JSON.framework in Frameworks */ = {isa = PBXBuildFile; fileRef = 0B3242BA8D7A074450091F5C /* Pods_JSON.framework */; };
/* End PBXBuildFile section */

/* Begin PBXFileReference section */
		0B3242BA8D7A074450091F5C /* Pods_JSON.framework */ = {isa = PBXFileReference; explicitFileType = wrapper.framework; includeInIndex = 0; path = Pods_JSON.framework; sourceTree = BUILT_PRODUCTS_DIR; };
		66FB8B151EA26D4900C92C21 /* JSON.app */ = {isa = PBXFileReference; explicitFileType = wrapper.application; includeInIndex = 0; path = JSON.app; sourceTree = BUILT_PRODUCTS_DIR; };
		66FB8B181EA26D4900C92C21 /* AppDelegate.swift */ = {isa = PBXFileReference; lastKnownFileType = sourcecode.swift; path = AppDelegate.swift; sourceTree = "<group>"; };
		66FB8B1A1EA26D4900C92C21 /* ViewController.swift */ = {isa = PBXFileReference; lastKnownFileType = sourcecode.swift; path = ViewController.swift; sourceTree = "<group>"; };
		66FB8B1D1EA26D4900C92C21 /* Base */ = {isa = PBXFileReference; lastKnownFileType = file.storyboard; name = Base; path = Base.lproj/Main.storyboard; sourceTree = "<group>"; };
		66FB8B1F1EA26D4900C92C21 /* Assets.xcassets */ = {isa = PBXFileReference; lastKnownFileType = folder.assetcatalog; path = Assets.xcassets; sourceTree = "<group>"; };
		66FB8B221EA26D4900C92C21 /* Base */ = {isa = PBXFileReference; lastKnownFileType = file.storyboard; name = Base; path = Base.lproj/LaunchScreen.storyboard; sourceTree = "<group>"; };
		66FB8B241EA26D4900C92C21 /* Info.plist */ = {isa = PBXFileReference; lastKnownFileType = text.plist.xml; path = Info.plist; sourceTree = "<group>"; };
		66FB8B2A1EA26DCB00C92C21 /* Podfile */ = {isa = PBXFileReference; fileEncoding = 4; lastKnownFileType = text; name = Podfile; path = ../Podfile; sourceTree = "<group>"; xcLanguageSpecificationIdentifier = xcode.lang.ruby; };
		66FB8B2C1EA26FE100C92C21 /* SwiftyJSON.swift */ = {isa = PBXFileReference; lastKnownFileType = sourcecode.swift; name = SwiftyJSON.swift; path = Pods/SwiftyJSON/Source/SwiftyJSON.swift; sourceTree = "<group>"; };
		66FB8B2E1EA271D100C92C21 /* SwiftyJSON.framework */ = {isa = PBXFileReference; lastKnownFileType = wrapper.framework; name = SwiftyJSON.framework; path = "../../Library/Developer/Xcode/DerivedData/JSON-axhharcshahbhrbyjwutxenevzza/Build/Products/Debug-iphonesimulator/SwiftyJSON/SwiftyJSON.framework"; sourceTree = "<group>"; };
		66FB8B301EA2965800C92C21 /* jsonFile.json */ = {isa = PBXFileReference; fileEncoding = 4; lastKnownFileType = text.json; path = jsonFile.json; sourceTree = "<group>"; };
		870D9FE401A5220A88DC1A13 /* Pods-JSON.debug.xcconfig */ = {isa = PBXFileReference; includeInIndex = 1; lastKnownFileType = text.xcconfig; name = "Pods-JSON.debug.xcconfig"; path = "Pods/Target Support Files/Pods-JSON/Pods-JSON.debug.xcconfig"; sourceTree = "<group>"; };
		D3D5D4FEF6DDE3140368FA48 /* Pods-JSON.release.xcconfig */ = {isa = PBXFileReference; includeInIndex = 1; lastKnownFileType = text.xcconfig; name = "Pods-JSON.release.xcconfig"; path = "Pods/Target Support Files/Pods-JSON/Pods-JSON.release.xcconfig"; sourceTree = "<group>"; };
/* End PBXFileReference section */

/* Begin PBXFrameworksBuildPhase section */
		66FB8B121EA26D4900C92C21 /* Frameworks */ = {
			isa = PBXFrameworksBuildPhase;
			buildActionMask = 2147483647;
			files = (
				66FB8B2F1EA271D100C92C21 /* SwiftyJSON.framework in Frameworks */,
				B8C8942A922F30EFD2545B32 /* Pods_JSON.framework in Frameworks */,
			);
			runOnlyForDeploymentPostprocessing = 0;
		};
/* End PBXFrameworksBuildPhase section */

/* Begin PBXGroup section */
		5DD5FFF6A80EBE96C0D4C416 /* Frameworks */ = {
			isa = PBXGroup;
			children = (
				66FB8B2E1EA271D100C92C21 /* SwiftyJSON.framework */,
				66FB8B2C1EA26FE100C92C21 /* SwiftyJSON.swift */,
				0B3242BA8D7A074450091F5C /* Pods_JSON.framework */,
			);
			name = Frameworks;
			sourceTree = "<group>";
		};
		66FB8B0C1EA26D4900C92C21 = {
			isa = PBXGroup;
			children = (
				66FB8B171EA26D4900C92C21 /* JSON */,
				66FB8B161EA26D4900C92C21 /* Products */,
				94A09F46EBE337C0414DC57B /* Pods */,
				5DD5FFF6A80EBE96C0D4C416 /* Frameworks */,
			);
			sourceTree = "<group>";
		};
		66FB8B161EA26D4900C92C21 /* Products */ = {
			isa = PBXGroup;
			children = (
				66FB8B151EA26D4900C92C21 /* JSON.app */,
			);
			name = Products;
			sourceTree = "<group>";
		};
		66FB8B171EA26D4900C92C21 /* JSON */ = {
			isa = PBXGroup;
			children = (
				66FB8B2A1EA26DCB00C92C21 /* Podfile */,
				66FB8B181EA26D4900C92C21 /* AppDelegate.swift */,
				66FB8B1A1EA26D4900C92C21 /* ViewController.swift */,
				66FB8B1C1EA26D4900C92C21 /* Main.storyboard */,
				66FB8B1F1EA26D4900C92C21 /* Assets.xcassets */,
				66FB8B211EA26D4900C92C21 /* LaunchScreen.storyboard */,
				66FB8B241EA26D4900C92C21 /* Info.plist */,
				66FB8B301EA2965800C92C21 /* jsonFile.json */,
			);
			path = JSON;
			sourceTree = "<group>";
		};
		94A09F46EBE337C0414DC57B /* Pods */ = {
			isa = PBXGroup;
			children = (
				870D9FE401A5220A88DC1A13 /* Pods-JSON.debug.xcconfig */,
				D3D5D4FEF6DDE3140368FA48 /* Pods-JSON.release.xcconfig */,
			);
			name = Pods;
			sourceTree = "<group>";
		};
/* End PBXGroup section */

/* Begin PBXNativeTarget section */
		66FB8B141EA26D4900C92C21 /* JSON */ = {
			isa = PBXNativeTarget;
			buildConfigurationList = 66FB8B271EA26D4900C92C21 /* Build configuration list for PBXNativeTarget "JSON" */;
			buildPhases = (
				FA008648190E22F8DE9FE9A3 /* [CP] Check Pods Manifest.lock */,
				66FB8B111EA26D4900C92C21 /* Sources */,
				66FB8B121EA26D4900C92C21 /* Frameworks */,
				66FB8B131EA26D4900C92C21 /* Resources */,
				D6E378544AD72A9F7757A191 /* [CP] Embed Pods Frameworks */,
				488C54930010B65DECF5854C /* [CP] Copy Pods Resources */,
			);
			buildRules = (
			);
			dependencies = (
			);
			name = JSON;
			productName = JSON;
			productReference = 66FB8B151EA26D4900C92C21 /* JSON.app */;
			productType = "com.apple.product-type.application";
		};
/* End PBXNativeTarget section */

/* Begin PBXProject section */
		66FB8B0D1EA26D4900C92C21 /* Project object */ = {
			isa = PBXProject;
			attributes = {
				LastSwiftUpdateCheck = 0830;
				LastUpgradeCheck = 0830;
				ORGANIZATIONNAME = test;
				TargetAttributes = {
					66FB8B141EA26D4900C92C21 = {
						CreatedOnToolsVersion = 8.3.1;
						ProvisioningStyle = Automatic;
					};
				};
			};
			buildConfigurationList = 66FB8B101EA26D4900C92C21 /* Build configuration list for PBXProject "JSON" */;
			compatibilityVersion = "Xcode 3.2";
			developmentRegion = English;
			hasScannedForEncodings = 0;
			knownRegions = (
				en,
				Base,
			);
			mainGroup = 66FB8B0C1EA26D4900C92C21;
			productRefGroup = 66FB8B161EA26D4900C92C21 /* Products */;
			projectDirPath = "";
			projectRoot = "";
			targets = (
				66FB8B141EA26D4900C92C21 /* JSON */,
			);
		};
/* End PBXProject section */

/* Begin PBXResourcesBuildPhase section */
		66FB8B131EA26D4900C92C21 /* Resources */ = {
			isa = PBXResourcesBuildPhase;
			buildActionMask = 2147483647;
			files = (
				66FB8B231EA26D4900C92C21 /* LaunchScreen.storyboard in Resources */,
				66FB8B201EA26D4900C92C21 /* Assets.xcassets in Resources */,
				66FB8B2B1EA26DCB00C92C21 /* Podfile in Resources */,
				66FB8B1E1EA26D4900C92C21 /* Main.storyboard in Resources */,
				66FB8B311EA2965800C92C21 /* jsonFile.json in Resources */,
			);
			runOnlyForDeploymentPostprocessing = 0;
		};
/* End PBXResourcesBuildPhase section */

/* Begin PBXShellScriptBuildPhase section */
		488C54930010B65DECF5854C /* [CP] Copy Pods Resources */ = {
			isa = PBXShellScriptBuildPhase;
			buildActionMask = 2147483647;
			files = (
			);
			inputPaths = (
			);
			name = "[CP] Copy Pods Resources";
			outputPaths = (
			);
			runOnlyForDeploymentPostprocessing = 0;
			shellPath = /bin/sh;
			shellScript = "\"${SRCROOT}/Pods/Target Support Files/Pods-JSON/Pods-JSON-resources.sh\"\n";
			showEnvVarsInLog = 0;
		};
		D6E378544AD72A9F7757A191 /* [CP] Embed Pods Frameworks */ = {
			isa = PBXShellScriptBuildPhase;
			buildActionMask = 2147483647;
			files = (
			);
			inputPaths = (
			);
			name = "[CP] Embed Pods Frameworks";
			outputPaths = (
			);
			runOnlyForDeploymentPostprocessing = 0;
			shellPath = /bin/sh;
			shellScript = "\"${SRCROOT}/Pods/Target Support Files/Pods-JSON/Pods-JSON-frameworks.sh\"\n";
			showEnvVarsInLog = 0;
		};
		FA008648190E22F8DE9FE9A3 /* [CP] Check Pods Manifest.lock */ = {
			isa = PBXShellScriptBuildPhase;
			buildActionMask = 2147483647;
			files = (
			);
			inputPaths = (
			);
			name = "[CP] Check Pods Manifest.lock";
			outputPaths = (
			);
			runOnlyForDeploymentPostprocessing = 0;
			shellPath = /bin/sh;
			shellScript = "diff \"${PODS_PODFILE_DIR_PATH}/Podfile.lock\" \"${PODS_ROOT}/Manifest.lock\" > /dev/null\nif [ $? != 0 ] ; then\n    # print error to STDERR\n    echo \"error: The sandbox is not in sync with the Podfile.lock. Run 'pod install' or update your CocoaPods installation.\" >&2\n    exit 1\nfi\n";
			showEnvVarsInLog = 0;
		};
/* End PBXShellScriptBuildPhase section */

/* Begin PBXSourcesBuildPhase section */
		66FB8B111EA26D4900C92C21 /* Sources */ = {
			isa = PBXSourcesBuildPhase;
			buildActionMask = 2147483647;
			files = (
				66FB8B1B1EA26D4900C92C21 /* ViewController.swift in Sources */,
				66FB8B191EA26D4900C92C21 /* AppDelegate.swift in Sources */,
			);
			runOnlyForDeploymentPostprocessing = 0;
		};
/* End PBXSourcesBuildPhase section */

/* Begin PBXVariantGroup section */
		66FB8B1C1EA26D4900C92C21 /* Main.storyboard */ = {
			isa = PBXVariantGroup;
			children = (
				66FB8B1D1EA26D4900C92C21 /* Base */,
			);
			name = Main.storyboard;
			sourceTree = "<group>";
		};
		66FB8B211EA26D4900C92C21 /* LaunchScreen.storyboard */ = {
			isa = PBXVariantGroup;
			children = (
				66FB8B221EA26D4900C92C21 /* Base */,
			);
			name = LaunchScreen.storyboard;
			sourceTree = "<group>";
		};
/* End PBXVariantGroup section */

/* Begin XCBuildConfiguration section */
		66FB8B251EA26D4900C92C21 /* Debug */ = {
			isa = XCBuildConfiguration;
			buildSettings = {
				ALWAYS_SEARCH_USER_PATHS = NO;
				CLANG_ANALYZER_NONNULL = YES;
				CLANG_ANALYZER_NUMBER_OBJECT_CONVERSION = YES_AGGRESSIVE;
				CLANG_CXX_LANGUAGE_STANDARD = "gnu++0x";
				CLANG_CXX_LIBRARY = "libc++";
				CLANG_ENABLE_MODULES = YES;
				CLANG_ENABLE_OBJC_ARC = YES;
				CLANG_WARN_BOOL_CONVERSION = YES;
				CLANG_WARN_CONSTANT_CONVERSION = YES;
				CLANG_WARN_DIRECT_OBJC_ISA_USAGE = YES_ERROR;
				CLANG_WARN_DOCUMENTATION_COMMENTS = YES;
				CLANG_WARN_EMPTY_BODY = YES;
				CLANG_WARN_ENUM_CONVERSION = YES;
				CLANG_WARN_INFINITE_RECURSION = YES;
				CLANG_WARN_INT_CONVERSION = YES;
				CLANG_WARN_OBJC_ROOT_CLASS = YES_ERROR;
				CLANG_WARN_SUSPICIOUS_MOVE = YES;
				CLANG_WARN_UNREACHABLE_CODE = YES;
				CLANG_WARN__DUPLICATE_METHOD_MATCH = YES;
				"CODE_SIGN_IDENTITY[sdk=iphoneos*]" = "iPhone Developer";
				COPY_PHASE_STRIP = NO;
				DEBUG_INFORMATION_FORMAT = dwarf;
				ENABLE_STRICT_OBJC_MSGSEND = YES;
				ENABLE_TESTABILITY = YES;
				GCC_C_LANGUAGE_STANDARD = gnu99;
				GCC_DYNAMIC_NO_PIC = NO;
				GCC_NO_COMMON_BLOCKS = YES;
				GCC_OPTIMIZATION_LEVEL = 0;
				GCC_PREPROCESSOR_DEFINITIONS = (
					"DEBUG=1",
					"$(inherited)",
				);
				GCC_WARN_64_TO_32_BIT_CONVERSION = YES;
				GCC_WARN_ABOUT_RETURN_TYPE = YES_ERROR;
				GCC_WARN_UNDECLARED_SELECTOR = YES;
				GCC_WARN_UNINITIALIZED_AUTOS = YES_AGGRESSIVE;
				GCC_WARN_UNUSED_FUNCTION = YES;
				GCC_WARN_UNUSED_VARIABLE = YES;
				IPHONEOS_DEPLOYMENT_TARGET = 10.3;
				MTL_ENABLE_DEBUG_INFO = YES;
				ONLY_ACTIVE_ARCH = YES;
				SDKROOT = iphoneos;
				SWIFT_ACTIVE_COMPILATION_CONDITIONS = DEBUG;
				SWIFT_OPTIMIZATION_LEVEL = "-Onone";
				TARGETED_DEVICE_FAMILY = "1,2";
			};
			name = Debug;
		};
		66FB8B261EA26D4900C92C21 /* Release */ = {
			isa = XCBuildConfiguration;
			buildSettings = {
				ALWAYS_SEARCH_USER_PATHS = NO;
				CLANG_ANALYZER_NONNULL = YES;
				CLANG_ANALYZER_NUMBER_OBJECT_CONVERSION = YES_AGGRESSIVE;
				CLANG_CXX_LANGUAGE_STANDARD = "gnu++0x";
				CLANG_CXX_LIBRARY = "libc++";
				CLANG_ENABLE_MODULES = YES;
				CLANG_ENABLE_OBJC_ARC = YES;
				CLANG_WARN_BOOL_CONVERSION = YES;
				CLANG_WARN_CONSTANT_CONVERSION = YES;
				CLANG_WARN_DIRECT_OBJC_ISA_USAGE = YES_ERROR;
				CLANG_WARN_DOCUMENTATION_COMMENTS = YES;
				CLANG_WARN_EMPTY_BODY = YES;
				CLANG_WARN_ENUM_CONVERSION = YES;
				CLANG_WARN_INFINITE_RECURSION = YES;
				CLANG_WARN_INT_CONVERSION = YES;
				CLANG_WARN_OBJC_ROOT_CLASS = YES_ERROR;
				CLANG_WARN_SUSPICIOUS_MOVE = YES;
				CLANG_WARN_UNREACHABLE_CODE = YES;
				CLANG_WARN__DUPLICATE_METHOD_MATCH = YES;
				"CODE_SIGN_IDENTITY[sdk=iphoneos*]" = "iPhone Developer";
				COPY_PHASE_STRIP = NO;
				DEBUG_INFORMATION_FORMAT = "dwarf-with-dsym";
				ENABLE_NS_ASSERTIONS = NO;
				ENABLE_STRICT_OBJC_MSGSEND = YES;
				GCC_C_LANGUAGE_STANDARD = gnu99;
				GCC_NO_COMMON_BLOCKS = YES;
				GCC_WARN_64_TO_32_BIT_CONVERSION = YES;
				GCC_WARN_ABOUT_RETURN_TYPE = YES_ERROR;
				GCC_WARN_UNDECLARED_SELECTOR = YES;
				GCC_WARN_UNINITIALIZED_AUTOS = YES_AGGRESSIVE;
				GCC_WARN_UNUSED_FUNCTION = YES;
				GCC_WARN_UNUSED_VARIABLE = YES;
				IPHONEOS_DEPLOYMENT_TARGET = 10.3;
				MTL_ENABLE_DEBUG_INFO = NO;
				SDKROOT = iphoneos;
				SWIFT_OPTIMIZATION_LEVEL = "-Owholemodule";
				TARGETED_DEVICE_FAMILY = "1,2";
				VALIDATE_PRODUCT = YES;
			};
			name = Release;
		};
		66FB8B281EA26D4900C92C21 /* Debug */ = {
			isa = XCBuildConfiguration;
			baseConfigurationReference = 870D9FE401A5220A88DC1A13 /* Pods-JSON.debug.xcconfig */;
			buildSettings = {
				ASSETCATALOG_COMPILER_APPICON_NAME = AppIcon;
				INFOPLIST_FILE = JSON/Info.plist;
				LD_RUNPATH_SEARCH_PATHS = "$(inherited) @executable_path/Frameworks";
				PRODUCT_BUNDLE_IDENTIFIER = com.test.JSON;
				PRODUCT_NAME = "$(TARGET_NAME)";
				SWIFT_VERSION = 3.0;
			};
			name = Debug;
		};
		66FB8B291EA26D4900C92C21 /* Release */ = {
			isa = XCBuildConfiguration;
			baseConfigurationReference = D3D5D4FEF6DDE3140368FA48 /* Pods-JSON.release.xcconfig */;
			buildSettings = {
				ASSETCATALOG_COMPILER_APPICON_NAME = AppIcon;
				INFOPLIST_FILE = JSON/Info.plist;
				LD_RUNPATH_SEARCH_PATHS = "$(inherited) @executable_path/Frameworks";
				PRODUCT_BUNDLE_IDENTIFIER = com.test.JSON;
				PRODUCT_NAME = "$(TARGET_NAME)";
				SWIFT_VERSION = 3.0;
			};
			name = Release;
		};
/* End XCBuildConfiguration section */

/* Begin XCConfigurationList section */
		66FB8B101EA26D4900C92C21 /* Build configuration list for PBXProject "JSON" */ = {
			isa = XCConfigurationList;
			buildConfigurations = (
				66FB8B251EA26D4900C92C21 /* Debug */,
				66FB8B261EA26D4900C92C21 /* Release */,
			);
			defaultConfigurationIsVisible = 0;
			defaultConfigurationName = Release;
		};
		66FB8B271EA26D4900C92C21 /* Build configuration list for PBXNativeTarget "JSON" */ = {
			isa = XCConfigurationList;
			buildConfigurations = (
				66FB8B281EA26D4900C92C21 /* Debug */,
				66FB8B291EA26D4900C92C21 /* Release */,
			);
			defaultConfigurationIsVisible = 0;
			defaultConfigurationName = Release;
		};
/* End XCConfigurationList section */
	};
	rootObject = 66FB8B0D1EA26D4900C92C21 /* Project object */;
}
