// !$*UTF8*$!
{
	archiveVersion = 1;
	classes = {
	};
	objectVersion = 46;
	objects = {

/* Begin PBXBuildFile section */
		66BFBC7B1E6C24AF00D860A0 /* AppDelegate.swift in Sources */ = {isa = PBXBuildFile; fileRef = 66BFBC7A1E6C24AF00D860A0 /* AppDelegate.swift */; };
		66BFBC7D1E6C24AF00D860A0 /* ViewController.swift in Sources */ = {isa = PBXBuildFile; fileRef = 66BFBC7C1E6C24AF00D860A0 /* ViewController.swift */; };
		66BFBC801E6C24AF00D860A0 /* Main.storyboard in Resources */ = {isa = PBXBuildFile; fileRef = 66BFBC7E1E6C24AF00D860A0 /* Main.storyboard */; };
		66BFBC821E6C24AF00D860A0 /* Assets.xcassets in Resources */ = {isa = PBXBuildFile; fileRef = 66BFBC811E6C24AF00D860A0 /* Assets.xcassets */; };
		66BFBC851E6C24AF00D860A0 /* LaunchScreen.storyboard in Resources */ = {isa = PBXBuildFile; fileRef = 66BFBC831E6C24AF00D860A0 /* LaunchScreen.storyboard */; };
/* End PBXBuildFile section */

/* Begin PBXFileReference section */
		66BFBC771E6C24AF00D860A0 /* PermanentDataStorage.app */ = {isa = PBXFileReference; explicitFileType = wrapper.application; includeInIndex = 0; path = PermanentDataStorage.app; sourceTree = BUILT_PRODUCTS_DIR; };
		66BFBC7A1E6C24AF00D860A0 /* AppDelegate.swift */ = {isa = PBXFileReference; lastKnownFileType = sourcecode.swift; path = AppDelegate.swift; sourceTree = "<group>"; };
		66BFBC7C1E6C24AF00D860A0 /* ViewController.swift */ = {isa = PBXFileReference; lastKnownFileType = sourcecode.swift; path = ViewController.swift; sourceTree = "<group>"; };
		66BFBC7F1E6C24AF00D860A0 /* Base */ = {isa = PBXFileReference; lastKnownFileType = file.storyboard; name = Base; path = Base.lproj/Main.storyboard; sourceTree = "<group>"; };
		66BFBC811E6C24AF00D860A0 /* Assets.xcassets */ = {isa = PBXFileReference; lastKnownFileType = folder.assetcatalog; path = Assets.xcassets; sourceTree = "<group>"; };
		66BFBC841E6C24AF00D860A0 /* Base */ = {isa = PBXFileReference; lastKnownFileType = file.storyboard; name = Base; path = Base.lproj/LaunchScreen.storyboard; sourceTree = "<group>"; };
		66BFBC861E6C24AF00D860A0 /* Info.plist */ = {isa = PBXFileReference; lastKnownFileType = text.plist.xml; path = Info.plist; sourceTree = "<group>"; };
/* End PBXFileReference section */

/* Begin PBXFrameworksBuildPhase section */
		66BFBC741E6C24AF00D860A0 /* Frameworks */ = {
			isa = PBXFrameworksBuildPhase;
			buildActionMask = 2147483647;
			files = (
			);
			runOnlyForDeploymentPostprocessing = 0;
		};
/* End PBXFrameworksBuildPhase section */

/* Begin PBXGroup section */
		66BFBC6E1E6C24AF00D860A0 = {
			isa = PBXGroup;
			children = (
				66BFBC791E6C24AF00D860A0 /* PermanentDataStorage */,
				66BFBC781E6C24AF00D860A0 /* Products */,
			);
			sourceTree = "<group>";
		};
		66BFBC781E6C24AF00D860A0 /* Products */ = {
			isa = PBXGroup;
			children = (
				66BFBC771E6C24AF00D860A0 /* PermanentDataStorage.app */,
			);
			name = Products;
			sourceTree = "<group>";
		};
		66BFBC791E6C24AF00D860A0 /* PermanentDataStorage */ = {
			isa = PBXGroup;
			children = (
				66BFBC7A1E6C24AF00D860A0 /* AppDelegate.swift */,
				66BFBC7C1E6C24AF00D860A0 /* ViewController.swift */,
				66BFBC7E1E6C24AF00D860A0 /* Main.storyboard */,
				66BFBC811E6C24AF00D860A0 /* Assets.xcassets */,
				66BFBC831E6C24AF00D860A0 /* LaunchScreen.storyboard */,
				66BFBC861E6C24AF00D860A0 /* Info.plist */,
			);
			path = PermanentDataStorage;
			sourceTree = "<group>";
		};
/* End PBXGroup section */

/* Begin PBXNativeTarget section */
		66BFBC761E6C24AF00D860A0 /* PermanentDataStorage */ = {
			isa = PBXNativeTarget;
			buildConfigurationList = 66BFBC891E6C24AF00D860A0 /* Build configuration list for PBXNativeTarget "PermanentDataStorage" */;
			buildPhases = (
				66BFBC731E6C24AF00D860A0 /* Sources */,
				66BFBC741E6C24AF00D860A0 /* Frameworks */,
				66BFBC751E6C24AF00D860A0 /* Resources */,
			);
			buildRules = (
			);
			dependencies = (
			);
			name = PermanentDataStorage;
			productName = PermanentDataStorage;
			productReference = 66BFBC771E6C24AF00D860A0 /* PermanentDataStorage.app */;
			productType = "com.apple.product-type.application";
		};
/* End PBXNativeTarget section */

/* Begin PBXProject section */
		66BFBC6F1E6C24AF00D860A0 /* Project object */ = {
			isa = PBXProject;
			attributes = {
				LastSwiftUpdateCheck = 0820;
				LastUpgradeCheck = 0820;
				ORGANIZATIONNAME = test;
				TargetAttributes = {
					66BFBC761E6C24AF00D860A0 = {
						CreatedOnToolsVersion = 8.2.1;
						ProvisioningStyle = Automatic;
					};
				};
			};
			buildConfigurationList = 66BFBC721E6C24AF00D860A0 /* Build configuration list for PBXProject "PermanentDataStorage" */;
			compatibilityVersion = "Xcode 3.2";
			developmentRegion = English;
			hasScannedForEncodings = 0;
			knownRegions = (
				en,
				Base,
			);
			mainGroup = 66BFBC6E1E6C24AF00D860A0;
			productRefGroup = 66BFBC781E6C24AF00D860A0 /* Products */;
			projectDirPath = "";
			projectRoot = "";
			targets = (
				66BFBC761E6C24AF00D860A0 /* PermanentDataStorage */,
			);
		};
/* End PBXProject section */

/* Begin PBXResourcesBuildPhase section */
		66BFBC751E6C24AF00D860A0 /* Resources */ = {
			isa = PBXResourcesBuildPhase;
			buildActionMask = 2147483647;
			files = (
				66BFBC851E6C24AF00D860A0 /* LaunchScreen.storyboard in Resources */,
				66BFBC821E6C24AF00D860A0 /* Assets.xcassets in Resources */,
				66BFBC801E6C24AF00D860A0 /* Main.storyboard in Resources */,
			);
			runOnlyForDeploymentPostprocessing = 0;
		};
/* End PBXResourcesBuildPhase section */

/* Begin PBXSourcesBuildPhase section */
		66BFBC731E6C24AF00D860A0 /* Sources */ = {
			isa = PBXSourcesBuildPhase;
			buildActionMask = 2147483647;
			files = (
				66BFBC7D1E6C24AF00D860A0 /* ViewController.swift in Sources */,
				66BFBC7B1E6C24AF00D860A0 /* AppDelegate.swift in Sources */,
			);
			runOnlyForDeploymentPostprocessing = 0;
		};
/* End PBXSourcesBuildPhase section */

/* Begin PBXVariantGroup section */
		66BFBC7E1E6C24AF00D860A0 /* Main.storyboard */ = {
			isa = PBXVariantGroup;
			children = (
				66BFBC7F1E6C24AF00D860A0 /* Base */,
			);
			name = Main.storyboard;
			sourceTree = "<group>";
		};
		66BFBC831E6C24AF00D860A0 /* LaunchScreen.storyboard */ = {
			isa = PBXVariantGroup;
			children = (
				66BFBC841E6C24AF00D860A0 /* Base */,
			);
			name = LaunchScreen.storyboard;
			sourceTree = "<group>";
		};
/* End PBXVariantGroup section */

/* Begin XCBuildConfiguration section */
		66BFBC871E6C24AF00D860A0 /* Debug */ = {
			isa = XCBuildConfiguration;
			buildSettings = {
				ALWAYS_SEARCH_USER_PATHS = NO;
				CLANG_ANALYZER_NONNULL = YES;
				CLANG_CXX_LANGUAGE_STANDARD = "gnu++0x";
				CLANG_CXX_LIBRARY = "libc++";
				CLANG_ENABLE_MODULES = YES;
				CLANG_ENABLE_OBJC_ARC = YES;
				CLANG_WARN_BOOL_CONVERSION = YES;
				CLANG_WARN_CONSTANT_CONVERSION = YES;
				CLANG_WARN_DIRECT_OBJC_ISA_USAGE = YES_ERROR;
				CLANG_WARN_DOCUMENTATION_COMMENTS = YES;
				CLANG_WARN_EMPTY_BODY = YES;
				CLANG_WARN_ENUM_CONVERSION = YES;
				CLANG_WARN_INFINITE_RECURSION = YES;
				CLANG_WARN_INT_CONVERSION = YES;
				CLANG_WARN_OBJC_ROOT_CLASS = YES_ERROR;
				CLANG_WARN_SUSPICIOUS_MOVE = YES;
				CLANG_WARN_UNREACHABLE_CODE = YES;
				CLANG_WARN__DUPLICATE_METHOD_MATCH = YES;
				"CODE_SIGN_IDENTITY[sdk=iphoneos*]" = "iPhone Developer";
				COPY_PHASE_STRIP = NO;
				DEBUG_INFORMATION_FORMAT = dwarf;
				ENABLE_STRICT_OBJC_MSGSEND = YES;
				ENABLE_TESTABILITY = YES;
				GCC_C_LANGUAGE_STANDARD = gnu99;
				GCC_DYNAMIC_NO_PIC = NO;
				GCC_NO_COMMON_BLOCKS = YES;
				GCC_OPTIMIZATION_LEVEL = 0;
				GCC_PREPROCESSOR_DEFINITIONS = (
					"DEBUG=1",
					"$(inherited)",
				);
				GCC_WARN_64_TO_32_BIT_CONVERSION = YES;
				GCC_WARN_ABOUT_RETURN_TYPE = YES_ERROR;
				GCC_WARN_UNDECLARED_SELECTOR = YES;
				GCC_WARN_UNINITIALIZED_AUTOS = YES_AGGRESSIVE;
				GCC_WARN_UNUSED_FUNCTION = YES;
				GCC_WARN_UNUSED_VARIABLE = YES;
				IPHONEOS_DEPLOYMENT_TARGET = 10.2;
				MTL_ENABLE_DEBUG_INFO = YES;
				ONLY_ACTIVE_ARCH = YES;
				SDKROOT = iphoneos;
				SWIFT_ACTIVE_COMPILATION_CONDITIONS = DEBUG;
				SWIFT_OPTIMIZATION_LEVEL = "-Onone";
				TARGETED_DEVICE_FAMILY = "1,2";
			};
			name = Debug;
		};
		66BFBC881E6C24AF00D860A0 /* Release */ = {
			isa = XCBuildConfiguration;
			buildSettings = {
				ALWAYS_SEARCH_USER_PATHS = NO;
				CLANG_ANALYZER_NONNULL = YES;
				CLANG_CXX_LANGUAGE_STANDARD = "gnu++0x";
				CLANG_CXX_LIBRARY = "libc++";
				CLANG_ENABLE_MODULES = YES;
				CLANG_ENABLE_OBJC_ARC = YES;
				CLANG_WARN_BOOL_CONVERSION = YES;
				CLANG_WARN_CONSTANT_CONVERSION = YES;
				CLANG_WARN_DIRECT_OBJC_ISA_USAGE = YES_ERROR;
				CLANG_WARN_DOCUMENTATION_COMMENTS = YES;
				CLANG_WARN_EMPTY_BODY = YES;
				CLANG_WARN_ENUM_CONVERSION = YES;
				CLANG_WARN_INFINITE_RECURSION = YES;
				CLANG_WARN_INT_CONVERSION = YES;
				CLANG_WARN_OBJC_ROOT_CLASS = YES_ERROR;
				CLANG_WARN_SUSPICIOUS_MOVE = YES;
				CLANG_WARN_UNREACHABLE_CODE = YES;
				CLANG_WARN__DUPLICATE_METHOD_MATCH = YES;
				"CODE_SIGN_IDENTITY[sdk=iphoneos*]" = "iPhone Developer";
				COPY_PHASE_STRIP = NO;
				DEBUG_INFORMATION_FORMAT = "dwarf-with-dsym";
				ENABLE_NS_ASSERTIONS = NO;
				ENABLE_STRICT_OBJC_MSGSEND = YES;
				GCC_C_LANGUAGE_STANDARD = gnu99;
				GCC_NO_COMMON_BLOCKS = YES;
				GCC_WARN_64_TO_32_BIT_CONVERSION = YES;
				GCC_WARN_ABOUT_RETURN_TYPE = YES_ERROR;
				GCC_WARN_UNDECLARED_SELECTOR = YES;
				GCC_WARN_UNINITIALIZED_AUTOS = YES_AGGRESSIVE;
				GCC_WARN_UNUSED_FUNCTION = YES;
				GCC_WARN_UNUSED_VARIABLE = YES;
				IPHONEOS_DEPLOYMENT_TARGET = 10.2;
				MTL_ENABLE_DEBUG_INFO = NO;
				SDKROOT = iphoneos;
				SWIFT_OPTIMIZATION_LEVEL = "-Owholemodule";
				TARGETED_DEVICE_FAMILY = "1,2";
				VALIDATE_PRODUCT = YES;
			};
			name = Release;
		};
		66BFBC8A1E6C24AF00D860A0 /* Debug */ = {
			isa = XCBuildConfiguration;
			buildSettings = {
				ASSETCATALOG_COMPILER_APPICON_NAME = AppIcon;
				INFOPLIST_FILE = PermanentDataStorage/Info.plist;
				LD_RUNPATH_SEARCH_PATHS = "$(inherited) @executable_path/Frameworks";
				PRODUCT_BUNDLE_IDENTIFIER = com.test.PermanentDataStorage;
				PRODUCT_NAME = "$(TARGET_NAME)";
				SWIFT_VERSION = 3.0;
			};
			name = Debug;
		};
		66BFBC8B1E6C24AF00D860A0 /* Release */ = {
			isa = XCBuildConfiguration;
			buildSettings = {
				ASSETCATALOG_COMPILER_APPICON_NAME = AppIcon;
				INFOPLIST_FILE = PermanentDataStorage/Info.plist;
				LD_RUNPATH_SEARCH_PATHS = "$(inherited) @executable_path/Frameworks";
				PRODUCT_BUNDLE_IDENTIFIER = com.test.PermanentDataStorage;
				PRODUCT_NAME = "$(TARGET_NAME)";
				SWIFT_VERSION = 3.0;
			};
			name = Release;
		};
/* End XCBuildConfiguration section */

/* Begin XCConfigurationList section */
		66BFBC721E6C24AF00D860A0 /* Build configuration list for PBXProject "PermanentDataStorage" */ = {
			isa = XCConfigurationList;
			buildConfigurations = (
				66BFBC871E6C24AF00D860A0 /* Debug */,
				66BFBC881E6C24AF00D860A0 /* Release */,
			);
			defaultConfigurationIsVisible = 0;
			defaultConfigurationName = Release;
		};
		66BFBC891E6C24AF00D860A0 /* Build configuration list for PBXNativeTarget "PermanentDataStorage" */ = {
			isa = XCConfigurationList;
			buildConfigurations = (
				66BFBC8A1E6C24AF00D860A0 /* Debug */,
				66BFBC8B1E6C24AF00D860A0 /* Release */,
			);
			defaultConfigurationIsVisible = 0;
		};
/* End XCConfigurationList section */
	};
	rootObject = 66BFBC6F1E6C24AF00D860A0 /* Project object */;
}
