// !$*UTF8*$!
{
	archiveVersion = 1;
	classes = {
	};
	objectVersion = 46;
	objects = {

/* Begin PBXBuildFile section */
		66B9A9721E93FAC400A1BB36 /* AppDelegate.swift in Sources */ = {isa = PBXBuildFile; fileRef = 66B9A9711E93FAC400A1BB36 /* AppDelegate.swift */; };
		66B9A9741E93FAC400A1BB36 /* ViewController.swift in Sources */ = {isa = PBXBuildFile; fileRef = 66B9A9731E93FAC400A1BB36 /* ViewController.swift */; };
		66B9A9771E93FAC400A1BB36 /* Main.storyboard in Resources */ = {isa = PBXBuildFile; fileRef = 66B9A9751E93FAC400A1BB36 /* Main.storyboard */; };
		66B9A9791E93FAC400A1BB36 /* Assets.xcassets in Resources */ = {isa = PBXBuildFile; fileRef = 66B9A9781E93FAC400A1BB36 /* Assets.xcassets */; };
		66B9A97C1E93FAC400A1BB36 /* LaunchScreen.storyboard in Resources */ = {isa = PBXBuildFile; fileRef = 66B9A97A1E93FAC400A1BB36 /* LaunchScreen.storyboard */; };
/* End PBXBuildFile section */

/* Begin PBXFileReference section */
		66B9A96E1E93FAC400A1BB36 /* Swipes & Shakes.app */ = {isa = PBXFileReference; explicitFileType = wrapper.application; includeInIndex = 0; path = "Swipes & Shakes.app"; sourceTree = BUILT_PRODUCTS_DIR; };
		66B9A9711E93FAC400A1BB36 /* AppDelegate.swift */ = {isa = PBXFileReference; lastKnownFileType = sourcecode.swift; path = AppDelegate.swift; sourceTree = "<group>"; };
		66B9A9731E93FAC400A1BB36 /* ViewController.swift */ = {isa = PBXFileReference; lastKnownFileType = sourcecode.swift; path = ViewController.swift; sourceTree = "<group>"; };
		66B9A9761E93FAC400A1BB36 /* Base */ = {isa = PBXFileReference; lastKnownFileType = file.storyboard; name = Base; path = Base.lproj/Main.storyboard; sourceTree = "<group>"; };
		66B9A9781E93FAC400A1BB36 /* Assets.xcassets */ = {isa = PBXFileReference; lastKnownFileType = folder.assetcatalog; path = Assets.xcassets; sourceTree = "<group>"; };
		66B9A97B1E93FAC400A1BB36 /* Base */ = {isa = PBXFileReference; lastKnownFileType = file.storyboard; name = Base; path = Base.lproj/LaunchScreen.storyboard; sourceTree = "<group>"; };
		66B9A97D1E93FAC400A1BB36 /* Info.plist */ = {isa = PBXFileReference; lastKnownFileType = text.plist.xml; path = Info.plist; sourceTree = "<group>"; };
/* End PBXFileReference section */

/* Begin PBXFrameworksBuildPhase section */
		66B9A96B1E93FAC400A1BB36 /* Frameworks */ = {
			isa = PBXFrameworksBuildPhase;
			buildActionMask = 2147483647;
			files = (
			);
			runOnlyForDeploymentPostprocessing = 0;
		};
/* End PBXFrameworksBuildPhase section */

/* Begin PBXGroup section */
		66B9A9651E93FAC400A1BB36 = {
			isa = PBXGroup;
			children = (
				66B9A9701E93FAC400A1BB36 /* Swipes & Shakes */,
				66B9A96F1E93FAC400A1BB36 /* Products */,
			);
			sourceTree = "<group>";
		};
		66B9A96F1E93FAC400A1BB36 /* Products */ = {
			isa = PBXGroup;
			children = (
				66B9A96E1E93FAC400A1BB36 /* Swipes & Shakes.app */,
			);
			name = Products;
			sourceTree = "<group>";
		};
		66B9A9701E93FAC400A1BB36 /* Swipes & Shakes */ = {
			isa = PBXGroup;
			children = (
				66B9A9711E93FAC400A1BB36 /* AppDelegate.swift */,
				66B9A9731E93FAC400A1BB36 /* ViewController.swift */,
				66B9A9751E93FAC400A1BB36 /* Main.storyboard */,
				66B9A9781E93FAC400A1BB36 /* Assets.xcassets */,
				66B9A97A1E93FAC400A1BB36 /* LaunchScreen.storyboard */,
				66B9A97D1E93FAC400A1BB36 /* Info.plist */,
			);
			path = "Swipes & Shakes";
			sourceTree = "<group>";
		};
/* End PBXGroup section */

/* Begin PBXNativeTarget section */
		66B9A96D1E93FAC400A1BB36 /* Swipes & Shakes */ = {
			isa = PBXNativeTarget;
			buildConfigurationList = 66B9A9801E93FAC400A1BB36 /* Build configuration list for PBXNativeTarget "Swipes & Shakes" */;
			buildPhases = (
				66B9A96A1E93FAC400A1BB36 /* Sources */,
				66B9A96B1E93FAC400A1BB36 /* Frameworks */,
				66B9A96C1E93FAC400A1BB36 /* Resources */,
			);
			buildRules = (
			);
			dependencies = (
			);
			name = "Swipes & Shakes";
			productName = "Swipes & Shakes";
			productReference = 66B9A96E1E93FAC400A1BB36 /* Swipes & Shakes.app */;
			productType = "com.apple.product-type.application";
		};
/* End PBXNativeTarget section */

/* Begin PBXProject section */
		66B9A9661E93FAC400A1BB36 /* Project object */ = {
			isa = PBXProject;
			attributes = {
				LastSwiftUpdateCheck = 0830;
				LastUpgradeCheck = 0830;
				ORGANIZATIONNAME = test;
				TargetAttributes = {
					66B9A96D1E93FAC400A1BB36 = {
						CreatedOnToolsVersion = 8.3;
						ProvisioningStyle = Automatic;
					};
				};
			};
			buildConfigurationList = 66B9A9691E93FAC400A1BB36 /* Build configuration list for PBXProject "Swipes & Shakes" */;
			compatibilityVersion = "Xcode 3.2";
			developmentRegion = English;
			hasScannedForEncodings = 0;
			knownRegions = (
				en,
				Base,
			);
			mainGroup = 66B9A9651E93FAC400A1BB36;
			productRefGroup = 66B9A96F1E93FAC400A1BB36 /* Products */;
			projectDirPath = "";
			projectRoot = "";
			targets = (
				66B9A96D1E93FAC400A1BB36 /* Swipes & Shakes */,
			);
		};
/* End PBXProject section */

/* Begin PBXResourcesBuildPhase section */
		66B9A96C1E93FAC400A1BB36 /* Resources */ = {
			isa = PBXResourcesBuildPhase;
			buildActionMask = 2147483647;
			files = (
				66B9A97C1E93FAC400A1BB36 /* LaunchScreen.storyboard in Resources */,
				66B9A9791E93FAC400A1BB36 /* Assets.xcassets in Resources */,
				66B9A9771E93FAC400A1BB36 /* Main.storyboard in Resources */,
			);
			runOnlyForDeploymentPostprocessing = 0;
		};
/* End PBXResourcesBuildPhase section */

/* Begin PBXSourcesBuildPhase section */
		66B9A96A1E93FAC400A1BB36 /* Sources */ = {
			isa = PBXSourcesBuildPhase;
			buildActionMask = 2147483647;
			files = (
				66B9A9741E93FAC400A1BB36 /* ViewController.swift in Sources */,
				66B9A9721E93FAC400A1BB36 /* AppDelegate.swift in Sources */,
			);
			runOnlyForDeploymentPostprocessing = 0;
		};
/* End PBXSourcesBuildPhase section */

/* Begin PBXVariantGroup section */
		66B9A9751E93FAC400A1BB36 /* Main.storyboard */ = {
			isa = PBXVariantGroup;
			children = (
				66B9A9761E93FAC400A1BB36 /* Base */,
			);
			name = Main.storyboard;
			sourceTree = "<group>";
		};
		66B9A97A1E93FAC400A1BB36 /* LaunchScreen.storyboard */ = {
			isa = PBXVariantGroup;
			children = (
				66B9A97B1E93FAC400A1BB36 /* Base */,
			);
			name = LaunchScreen.storyboard;
			sourceTree = "<group>";
		};
/* End PBXVariantGroup section */

/* Begin XCBuildConfiguration section */
		66B9A97E1E93FAC400A1BB36 /* Debug */ = {
			isa = XCBuildConfiguration;
			buildSettings = {
				ALWAYS_SEARCH_USER_PATHS = NO;
				CLANG_ANALYZER_NONNULL = YES;
				CLANG_ANALYZER_NUMBER_OBJECT_CONVERSION = YES_AGGRESSIVE;
				CLANG_CXX_LANGUAGE_STANDARD = "gnu++0x";
				CLANG_CXX_LIBRARY = "libc++";
				CLANG_ENABLE_MODULES = YES;
				CLANG_ENABLE_OBJC_ARC = YES;
				CLANG_WARN_BOOL_CONVERSION = YES;
				CLANG_WARN_CONSTANT_CONVERSION = YES;
				CLANG_WARN_DIRECT_OBJC_ISA_USAGE = YES_ERROR;
				CLANG_WARN_DOCUMENTATION_COMMENTS = YES;
				CLANG_WARN_EMPTY_BODY = YES;
				CLANG_WARN_ENUM_CONVERSION = YES;
				CLANG_WARN_INFINITE_RECURSION = YES;
				CLANG_WARN_INT_CONVERSION = YES;
				CLANG_WARN_OBJC_ROOT_CLASS = YES_ERROR;
				CLANG_WARN_SUSPICIOUS_MOVE = YES;
				CLANG_WARN_UNREACHABLE_CODE = YES;
				CLANG_WARN__DUPLICATE_METHOD_MATCH = YES;
				"CODE_SIGN_IDENTITY[sdk=iphoneos*]" = "iPhone Developer";
				COPY_PHASE_STRIP = NO;
				DEBUG_INFORMATION_FORMAT = dwarf;
				ENABLE_STRICT_OBJC_MSGSEND = YES;
				ENABLE_TESTABILITY = YES;
				GCC_C_LANGUAGE_STANDARD = gnu99;
				GCC_DYNAMIC_NO_PIC = NO;
				GCC_NO_COMMON_BLOCKS = YES;
				GCC_OPTIMIZATION_LEVEL = 0;
				GCC_PREPROCESSOR_DEFINITIONS = (
					"DEBUG=1",
					"$(inherited)",
				);
				GCC_WARN_64_TO_32_BIT_CONVERSION = YES;
				GCC_WARN_ABOUT_RETURN_TYPE = YES_ERROR;
				GCC_WARN_UNDECLARED_SELECTOR = YES;
				GCC_WARN_UNINITIALIZED_AUTOS = YES_AGGRESSIVE;
				GCC_WARN_UNUSED_FUNCTION = YES;
				GCC_WARN_UNUSED_VARIABLE = YES;
				IPHONEOS_DEPLOYMENT_TARGET = 10.3;
				MTL_ENABLE_DEBUG_INFO = YES;
				ONLY_ACTIVE_ARCH = YES;
				SDKROOT = iphoneos;
				SWIFT_ACTIVE_COMPILATION_CONDITIONS = DEBUG;
				SWIFT_OPTIMIZATION_LEVEL = "-Onone";
				TARGETED_DEVICE_FAMILY = "1,2";
			};
			name = Debug;
		};
		66B9A97F1E93FAC400A1BB36 /* Release */ = {
			isa = XCBuildConfiguration;
			buildSettings = {
				ALWAYS_SEARCH_USER_PATHS = NO;
				CLANG_ANALYZER_NONNULL = YES;
				CLANG_ANALYZER_NUMBER_OBJECT_CONVERSION = YES_AGGRESSIVE;
				CLANG_CXX_LANGUAGE_STANDARD = "gnu++0x";
				CLANG_CXX_LIBRARY = "libc++";
				CLANG_ENABLE_MODULES = YES;
				CLANG_ENABLE_OBJC_ARC = YES;
				CLANG_WARN_BOOL_CONVERSION = YES;
				CLANG_WARN_CONSTANT_CONVERSION = YES;
				CLANG_WARN_DIRECT_OBJC_ISA_USAGE = YES_ERROR;
				CLANG_WARN_DOCUMENTATION_COMMENTS = YES;
				CLANG_WARN_EMPTY_BODY = YES;
				CLANG_WARN_ENUM_CONVERSION = YES;
				CLANG_WARN_INFINITE_RECURSION = YES;
				CLANG_WARN_INT_CONVERSION = YES;
				CLANG_WARN_OBJC_ROOT_CLASS = YES_ERROR;
				CLANG_WARN_SUSPICIOUS_MOVE = YES;
				CLANG_WARN_UNREACHABLE_CODE = YES;
				CLANG_WARN__DUPLICATE_METHOD_MATCH = YES;
				"CODE_SIGN_IDENTITY[sdk=iphoneos*]" = "iPhone Developer";
				COPY_PHASE_STRIP = NO;
				DEBUG_INFORMATION_FORMAT = "dwarf-with-dsym";
				ENABLE_NS_ASSERTIONS = NO;
				ENABLE_STRICT_OBJC_MSGSEND = YES;
				GCC_C_LANGUAGE_STANDARD = gnu99;
				GCC_NO_COMMON_BLOCKS = YES;
				GCC_WARN_64_TO_32_BIT_CONVERSION = YES;
				GCC_WARN_ABOUT_RETURN_TYPE = YES_ERROR;
				GCC_WARN_UNDECLARED_SELECTOR = YES;
				GCC_WARN_UNINITIALIZED_AUTOS = YES_AGGRESSIVE;
				GCC_WARN_UNUSED_FUNCTION = YES;
				GCC_WARN_UNUSED_VARIABLE = YES;
				IPHONEOS_DEPLOYMENT_TARGET = 10.3;
				MTL_ENABLE_DEBUG_INFO = NO;
				SDKROOT = iphoneos;
				SWIFT_OPTIMIZATION_LEVEL = "-Owholemodule";
				TARGETED_DEVICE_FAMILY = "1,2";
				VALIDATE_PRODUCT = YES;
			};
			name = Release;
		};
		66B9A9811E93FAC400A1BB36 /* Debug */ = {
			isa = XCBuildConfiguration;
			buildSettings = {
				ASSETCATALOG_COMPILER_APPICON_NAME = AppIcon;
				INFOPLIST_FILE = "Swipes & Shakes/Info.plist";
				LD_RUNPATH_SEARCH_PATHS = "$(inherited) @executable_path/Frameworks";
				PRODUCT_BUNDLE_IDENTIFIER = "com.test.Swipes---Shakes";
				PRODUCT_NAME = "$(TARGET_NAME)";
				SWIFT_VERSION = 3.0;
			};
			name = Debug;
		};
		66B9A9821E93FAC400A1BB36 /* Release */ = {
			isa = XCBuildConfiguration;
			buildSettings = {
				ASSETCATALOG_COMPILER_APPICON_NAME = AppIcon;
				INFOPLIST_FILE = "Swipes & Shakes/Info.plist";
				LD_RUNPATH_SEARCH_PATHS = "$(inherited) @executable_path/Frameworks";
				PRODUCT_BUNDLE_IDENTIFIER = "com.test.Swipes---Shakes";
				PRODUCT_NAME = "$(TARGET_NAME)";
				SWIFT_VERSION = 3.0;
			};
			name = Release;
		};
/* End XCBuildConfiguration section */

/* Begin XCConfigurationList section */
		66B9A9691E93FAC400A1BB36 /* Build configuration list for PBXProject "Swipes & Shakes" */ = {
			isa = XCConfigurationList;
			buildConfigurations = (
				66B9A97E1E93FAC400A1BB36 /* Debug */,
				66B9A97F1E93FAC400A1BB36 /* Release */,
			);
			defaultConfigurationIsVisible = 0;
			defaultConfigurationName = Release;
		};
		66B9A9801E93FAC400A1BB36 /* Build configuration list for PBXNativeTarget "Swipes & Shakes" */ = {
			isa = XCConfigurationList;
			buildConfigurations = (
				66B9A9811E93FAC400A1BB36 /* Debug */,
				66B9A9821E93FAC400A1BB36 /* Release */,
			);
			defaultConfigurationIsVisible = 0;
		};
/* End XCConfigurationList section */
	};
	rootObject = 66B9A9661E93FAC400A1BB36 /* Project object */;
}
