// !$*UTF8*$!
{
	archiveVersion = 1;
	classes = {
	};
	objectVersion = 46;
	objects = {

/* Begin PBXBuildFile section */
		66B6D9731E7BF24400610219 /* AppDelegate.swift in Sources */ = {isa = PBXBuildFile; fileRef = 66B6D9721E7BF24400610219 /* AppDelegate.swift */; };
		66B6D9751E7BF24400610219 /* ViewController.swift in Sources */ = {isa = PBXBuildFile; fileRef = 66B6D9741E7BF24400610219 /* ViewController.swift */; };
		66B6D9781E7BF24400610219 /* Main.storyboard in Resources */ = {isa = PBXBuildFile; fileRef = 66B6D9761E7BF24400610219 /* Main.storyboard */; };
		66B6D97A1E7BF24400610219 /* Assets.xcassets in Resources */ = {isa = PBXBuildFile; fileRef = 66B6D9791E7BF24400610219 /* Assets.xcassets */; };
		66B6D97D1E7BF24400610219 /* LaunchScreen.storyboard in Resources */ = {isa = PBXBuildFile; fileRef = 66B6D97B1E7BF24400610219 /* LaunchScreen.storyboard */; };
		66B6D9871E7BF2E500610219 /* board.png in Resources */ = {isa = PBXBuildFile; fileRef = 66B6D9841E7BF2E500610219 /* board.png */; };
		66B6D9881E7BF2E500610219 /* cross.png in Resources */ = {isa = PBXBuildFile; fileRef = 66B6D9851E7BF2E500610219 /* cross.png */; };
		66B6D9891E7BF2E500610219 /* nought.png in Resources */ = {isa = PBXBuildFile; fileRef = 66B6D9861E7BF2E500610219 /* nought.png */; };
/* End PBXBuildFile section */

/* Begin PBXFileReference section */
		66B6D96F1E7BF24400610219 /* Tic Tac Toe.app */ = {isa = PBXFileReference; explicitFileType = wrapper.application; includeInIndex = 0; path = "Tic Tac Toe.app"; sourceTree = BUILT_PRODUCTS_DIR; };
		66B6D9721E7BF24400610219 /* AppDelegate.swift */ = {isa = PBXFileReference; lastKnownFileType = sourcecode.swift; path = AppDelegate.swift; sourceTree = "<group>"; };
		66B6D9741E7BF24400610219 /* ViewController.swift */ = {isa = PBXFileReference; lastKnownFileType = sourcecode.swift; path = ViewController.swift; sourceTree = "<group>"; };
		66B6D9771E7BF24400610219 /* Base */ = {isa = PBXFileReference; lastKnownFileType = file.storyboard; name = Base; path = Base.lproj/Main.storyboard; sourceTree = "<group>"; };
		66B6D9791E7BF24400610219 /* Assets.xcassets */ = {isa = PBXFileReference; lastKnownFileType = folder.assetcatalog; path = Assets.xcassets; sourceTree = "<group>"; };
		66B6D97C1E7BF24400610219 /* Base */ = {isa = PBXFileReference; lastKnownFileType = file.storyboard; name = Base; path = Base.lproj/LaunchScreen.storyboard; sourceTree = "<group>"; };
		66B6D97E1E7BF24400610219 /* Info.plist */ = {isa = PBXFileReference; lastKnownFileType = text.plist.xml; path = Info.plist; sourceTree = "<group>"; };
		66B6D9841E7BF2E500610219 /* board.png */ = {isa = PBXFileReference; lastKnownFileType = image.png; path = board.png; sourceTree = "<group>"; };
		66B6D9851E7BF2E500610219 /* cross.png */ = {isa = PBXFileReference; lastKnownFileType = image.png; path = cross.png; sourceTree = "<group>"; };
		66B6D9861E7BF2E500610219 /* nought.png */ = {isa = PBXFileReference; lastKnownFileType = image.png; path = nought.png; sourceTree = "<group>"; };
/* End PBXFileReference section */

/* Begin PBXFrameworksBuildPhase section */
		66B6D96C1E7BF24400610219 /* Frameworks */ = {
			isa = PBXFrameworksBuildPhase;
			buildActionMask = 2147483647;
			files = (
			);
			runOnlyForDeploymentPostprocessing = 0;
		};
/* End PBXFrameworksBuildPhase section */

/* Begin PBXGroup section */
		66B6D9661E7BF24300610219 = {
			isa = PBXGroup;
			children = (
				66B6D9711E7BF24400610219 /* Tic Tac Toe */,
				66B6D9701E7BF24400610219 /* Products */,
			);
			sourceTree = "<group>";
		};
		66B6D9701E7BF24400610219 /* Products */ = {
			isa = PBXGroup;
			children = (
				66B6D96F1E7BF24400610219 /* Tic Tac Toe.app */,
			);
			name = Products;
			sourceTree = "<group>";
		};
		66B6D9711E7BF24400610219 /* Tic Tac Toe */ = {
			isa = PBXGroup;
			children = (
				66B6D9721E7BF24400610219 /* AppDelegate.swift */,
				66B6D9741E7BF24400610219 /* ViewController.swift */,
				66B6D9761E7BF24400610219 /* Main.storyboard */,
				66B6D9841E7BF2E500610219 /* board.png */,
				66B6D9851E7BF2E500610219 /* cross.png */,
				66B6D9861E7BF2E500610219 /* nought.png */,
				66B6D9791E7BF24400610219 /* Assets.xcassets */,
				66B6D97B1E7BF24400610219 /* LaunchScreen.storyboard */,
				66B6D97E1E7BF24400610219 /* Info.plist */,
			);
			path = "Tic Tac Toe";
			sourceTree = "<group>";
		};
/* End PBXGroup section */

/* Begin PBXNativeTarget section */
		66B6D96E1E7BF24400610219 /* Tic Tac Toe */ = {
			isa = PBXNativeTarget;
			buildConfigurationList = 66B6D9811E7BF24400610219 /* Build configuration list for PBXNativeTarget "Tic Tac Toe" */;
			buildPhases = (
				66B6D96B1E7BF24400610219 /* Sources */,
				66B6D96C1E7BF24400610219 /* Frameworks */,
				66B6D96D1E7BF24400610219 /* Resources */,
			);
			buildRules = (
			);
			dependencies = (
			);
			name = "Tic Tac Toe";
			productName = "Tic Tac Toe";
			productReference = 66B6D96F1E7BF24400610219 /* Tic Tac Toe.app */;
			productType = "com.apple.product-type.application";
		};
/* End PBXNativeTarget section */

/* Begin PBXProject section */
		66B6D9671E7BF24400610219 /* Project object */ = {
			isa = PBXProject;
			attributes = {
				LastSwiftUpdateCheck = 0820;
				LastUpgradeCheck = 0820;
				ORGANIZATIONNAME = test;
				TargetAttributes = {
					66B6D96E1E7BF24400610219 = {
						CreatedOnToolsVersion = 8.2.1;
						ProvisioningStyle = Automatic;
					};
				};
			};
			buildConfigurationList = 66B6D96A1E7BF24400610219 /* Build configuration list for PBXProject "Tic Tac Toe" */;
			compatibilityVersion = "Xcode 3.2";
			developmentRegion = English;
			hasScannedForEncodings = 0;
			knownRegions = (
				en,
				Base,
			);
			mainGroup = 66B6D9661E7BF24300610219;
			productRefGroup = 66B6D9701E7BF24400610219 /* Products */;
			projectDirPath = "";
			projectRoot = "";
			targets = (
				66B6D96E1E7BF24400610219 /* Tic Tac Toe */,
			);
		};
/* End PBXProject section */

/* Begin PBXResourcesBuildPhase section */
		66B6D96D1E7BF24400610219 /* Resources */ = {
			isa = PBXResourcesBuildPhase;
			buildActionMask = 2147483647;
			files = (
				66B6D9881E7BF2E500610219 /* cross.png in Resources */,
				66B6D9871E7BF2E500610219 /* board.png in Resources */,
				66B6D9891E7BF2E500610219 /* nought.png in Resources */,
				66B6D97D1E7BF24400610219 /* LaunchScreen.storyboard in Resources */,
				66B6D97A1E7BF24400610219 /* Assets.xcassets in Resources */,
				66B6D9781E7BF24400610219 /* Main.storyboard in Resources */,
			);
			runOnlyForDeploymentPostprocessing = 0;
		};
/* End PBXResourcesBuildPhase section */

/* Begin PBXSourcesBuildPhase section */
		66B6D96B1E7BF24400610219 /* Sources */ = {
			isa = PBXSourcesBuildPhase;
			buildActionMask = 2147483647;
			files = (
				66B6D9751E7BF24400610219 /* ViewController.swift in Sources */,
				66B6D9731E7BF24400610219 /* AppDelegate.swift in Sources */,
			);
			runOnlyForDeploymentPostprocessing = 0;
		};
/* End PBXSourcesBuildPhase section */

/* Begin PBXVariantGroup section */
		66B6D9761E7BF24400610219 /* Main.storyboard */ = {
			isa = PBXVariantGroup;
			children = (
				66B6D9771E7BF24400610219 /* Base */,
			);
			name = Main.storyboard;
			sourceTree = "<group>";
		};
		66B6D97B1E7BF24400610219 /* LaunchScreen.storyboard */ = {
			isa = PBXVariantGroup;
			children = (
				66B6D97C1E7BF24400610219 /* Base */,
			);
			name = LaunchScreen.storyboard;
			sourceTree = "<group>";
		};
/* End PBXVariantGroup section */

/* Begin XCBuildConfiguration section */
		66B6D97F1E7BF24400610219 /* Debug */ = {
			isa = XCBuildConfiguration;
			buildSettings = {
				ALWAYS_SEARCH_USER_PATHS = NO;
				CLANG_ANALYZER_NONNULL = YES;
				CLANG_CXX_LANGUAGE_STANDARD = "gnu++0x";
				CLANG_CXX_LIBRARY = "libc++";
				CLANG_ENABLE_MODULES = YES;
				CLANG_ENABLE_OBJC_ARC = YES;
				CLANG_WARN_BOOL_CONVERSION = YES;
				CLANG_WARN_CONSTANT_CONVERSION = YES;
				CLANG_WARN_DIRECT_OBJC_ISA_USAGE = YES_ERROR;
				CLANG_WARN_DOCUMENTATION_COMMENTS = YES;
				CLANG_WARN_EMPTY_BODY = YES;
				CLANG_WARN_ENUM_CONVERSION = YES;
				CLANG_WARN_INFINITE_RECURSION = YES;
				CLANG_WARN_INT_CONVERSION = YES;
				CLANG_WARN_OBJC_ROOT_CLASS = YES_ERROR;
				CLANG_WARN_SUSPICIOUS_MOVE = YES;
				CLANG_WARN_UNREACHABLE_CODE = YES;
				CLANG_WARN__DUPLICATE_METHOD_MATCH = YES;
				"CODE_SIGN_IDENTITY[sdk=iphoneos*]" = "iPhone Developer";
				COPY_PHASE_STRIP = NO;
				DEBUG_INFORMATION_FORMAT = dwarf;
				ENABLE_STRICT_OBJC_MSGSEND = YES;
				ENABLE_TESTABILITY = YES;
				GCC_C_LANGUAGE_STANDARD = gnu99;
				GCC_DYNAMIC_NO_PIC = NO;
				GCC_NO_COMMON_BLOCKS = YES;
				GCC_OPTIMIZATION_LEVEL = 0;
				GCC_PREPROCESSOR_DEFINITIONS = (
					"DEBUG=1",
					"$(inherited)",
				);
				GCC_WARN_64_TO_32_BIT_CONVERSION = YES;
				GCC_WARN_ABOUT_RETURN_TYPE = YES_ERROR;
				GCC_WARN_UNDECLARED_SELECTOR = YES;
				GCC_WARN_UNINITIALIZED_AUTOS = YES_AGGRESSIVE;
				GCC_WARN_UNUSED_FUNCTION = YES;
				GCC_WARN_UNUSED_VARIABLE = YES;
				IPHONEOS_DEPLOYMENT_TARGET = 10.2;
				MTL_ENABLE_DEBUG_INFO = YES;
				ONLY_ACTIVE_ARCH = YES;
				SDKROOT = iphoneos;
				SWIFT_ACTIVE_COMPILATION_CONDITIONS = DEBUG;
				SWIFT_OPTIMIZATION_LEVEL = "-Onone";
				TARGETED_DEVICE_FAMILY = "1,2";
			};
			name = Debug;
		};
		66B6D9801E7BF24400610219 /* Release */ = {
			isa = XCBuildConfiguration;
			buildSettings = {
				ALWAYS_SEARCH_USER_PATHS = NO;
				CLANG_ANALYZER_NONNULL = YES;
				CLANG_CXX_LANGUAGE_STANDARD = "gnu++0x";
				CLANG_CXX_LIBRARY = "libc++";
				CLANG_ENABLE_MODULES = YES;
				CLANG_ENABLE_OBJC_ARC = YES;
				CLANG_WARN_BOOL_CONVERSION = YES;
				CLANG_WARN_CONSTANT_CONVERSION = YES;
				CLANG_WARN_DIRECT_OBJC_ISA_USAGE = YES_ERROR;
				CLANG_WARN_DOCUMENTATION_COMMENTS = YES;
				CLANG_WARN_EMPTY_BODY = YES;
				CLANG_WARN_ENUM_CONVERSION = YES;
				CLANG_WARN_INFINITE_RECURSION = YES;
				CLANG_WARN_INT_CONVERSION = YES;
				CLANG_WARN_OBJC_ROOT_CLASS = YES_ERROR;
				CLANG_WARN_SUSPICIOUS_MOVE = YES;
				CLANG_WARN_UNREACHABLE_CODE = YES;
				CLANG_WARN__DUPLICATE_METHOD_MATCH = YES;
				"CODE_SIGN_IDENTITY[sdk=iphoneos*]" = "iPhone Developer";
				COPY_PHASE_STRIP = NO;
				DEBUG_INFORMATION_FORMAT = "dwarf-with-dsym";
				ENABLE_NS_ASSERTIONS = NO;
				ENABLE_STRICT_OBJC_MSGSEND = YES;
				GCC_C_LANGUAGE_STANDARD = gnu99;
				GCC_NO_COMMON_BLOCKS = YES;
				GCC_WARN_64_TO_32_BIT_CONVERSION = YES;
				GCC_WARN_ABOUT_RETURN_TYPE = YES_ERROR;
				GCC_WARN_UNDECLARED_SELECTOR = YES;
				GCC_WARN_UNINITIALIZED_AUTOS = YES_AGGRESSIVE;
				GCC_WARN_UNUSED_FUNCTION = YES;
				GCC_WARN_UNUSED_VARIABLE = YES;
				IPHONEOS_DEPLOYMENT_TARGET = 10.2;
				MTL_ENABLE_DEBUG_INFO = NO;
				SDKROOT = iphoneos;
				SWIFT_OPTIMIZATION_LEVEL = "-Owholemodule";
				TARGETED_DEVICE_FAMILY = "1,2";
				VALIDATE_PRODUCT = YES;
			};
			name = Release;
		};
		66B6D9821E7BF24400610219 /* Debug */ = {
			isa = XCBuildConfiguration;
			buildSettings = {
				ASSETCATALOG_COMPILER_APPICON_NAME = AppIcon;
				INFOPLIST_FILE = "Tic Tac Toe/Info.plist";
				LD_RUNPATH_SEARCH_PATHS = "$(inherited) @executable_path/Frameworks";
				PRODUCT_BUNDLE_IDENTIFIER = "com.test.Tic-Tac-Toe";
				PRODUCT_NAME = "$(TARGET_NAME)";
				SWIFT_VERSION = 3.0;
			};
			name = Debug;
		};
		66B6D9831E7BF24400610219 /* Release */ = {
			isa = XCBuildConfiguration;
			buildSettings = {
				ASSETCATALOG_COMPILER_APPICON_NAME = AppIcon;
				INFOPLIST_FILE = "Tic Tac Toe/Info.plist";
				LD_RUNPATH_SEARCH_PATHS = "$(inherited) @executable_path/Frameworks";
				PRODUCT_BUNDLE_IDENTIFIER = "com.test.Tic-Tac-Toe";
				PRODUCT_NAME = "$(TARGET_NAME)";
				SWIFT_VERSION = 3.0;
			};
			name = Release;
		};
/* End XCBuildConfiguration section */

/* Begin XCConfigurationList section */
		66B6D96A1E7BF24400610219 /* Build configuration list for PBXProject "Tic Tac Toe" */ = {
			isa = XCConfigurationList;
			buildConfigurations = (
				66B6D97F1E7BF24400610219 /* Debug */,
				66B6D9801E7BF24400610219 /* Release */,
			);
			defaultConfigurationIsVisible = 0;
			defaultConfigurationName = Release;
		};
		66B6D9811E7BF24400610219 /* Build configuration list for PBXNativeTarget "Tic Tac Toe" */ = {
			isa = XCConfigurationList;
			buildConfigurations = (
				66B6D9821E7BF24400610219 /* Debug */,
				66B6D9831E7BF24400610219 /* Release */,
			);
			defaultConfigurationIsVisible = 0;
		};
/* End XCConfigurationList section */
	};
	rootObject = 66B6D9671E7BF24400610219 /* Project object */;
}
