// !$*UTF8*$!
{
	archiveVersion = 1;
	classes = {
	};
	objectVersion = 46;
	objects = {

/* Begin PBXBuildFile section */
		D7AA4BF61E62D66300D2D83E /* AppDelegate.swift in Sources */ = {isa = PBXBuildFile; fileRef = D7AA4BF51E62D66300D2D83E /* AppDelegate.swift */; };
		D7AA4BF81E62D66300D2D83E /* ViewController.swift in Sources */ = {isa = PBXBuildFile; fileRef = D7AA4BF71E62D66300D2D83E /* ViewController.swift */; };
		D7AA4BFB1E62D66400D2D83E /* Main.storyboard in Resources */ = {isa = PBXBuildFile; fileRef = D7AA4BF91E62D66400D2D83E /* Main.storyboard */; };
		D7AA4BFD1E62D66400D2D83E /* Assets.xcassets in Resources */ = {isa = PBXBuildFile; fileRef = D7AA4BFC1E62D66400D2D83E /* Assets.xcassets */; };
		D7AA4C001E62D66400D2D83E /* LaunchScreen.storyboard in Resources */ = {isa = PBXBuildFile; fileRef = D7AA4BFE1E62D66400D2D83E /* LaunchScreen.storyboard */; };
/* End PBXBuildFile section */

/* Begin PBXFileReference section */
		D7AA4BF21E62D66300D2D83E /* OneToFifty.app */ = {isa = PBXFileReference; explicitFileType = wrapper.application; includeInIndex = 0; path = OneToFifty.app; sourceTree = BUILT_PRODUCTS_DIR; };
		D7AA4BF51E62D66300D2D83E /* AppDelegate.swift */ = {isa = PBXFileReference; lastKnownFileType = sourcecode.swift; path = AppDelegate.swift; sourceTree = "<group>"; };
		D7AA4BF71E62D66300D2D83E /* ViewController.swift */ = {isa = PBXFileReference; lastKnownFileType = sourcecode.swift; path = ViewController.swift; sourceTree = "<group>"; };
		D7AA4BFA1E62D66400D2D83E /* Base */ = {isa = PBXFileReference; lastKnownFileType = file.storyboard; name = Base; path = Base.lproj/Main.storyboard; sourceTree = "<group>"; };
		D7AA4BFC1E62D66400D2D83E /* Assets.xcassets */ = {isa = PBXFileReference; lastKnownFileType = folder.assetcatalog; path = Assets.xcassets; sourceTree = "<group>"; };
		D7AA4BFF1E62D66400D2D83E /* Base */ = {isa = PBXFileReference; lastKnownFileType = file.storyboard; name = Base; path = Base.lproj/LaunchScreen.storyboard; sourceTree = "<group>"; };
		D7AA4C011E62D66400D2D83E /* Info.plist */ = {isa = PBXFileReference; lastKnownFileType = text.plist.xml; path = Info.plist; sourceTree = "<group>"; };
/* End PBXFileReference section */

/* Begin PBXFrameworksBuildPhase section */
		D7AA4BEF1E62D66300D2D83E /* Frameworks */ = {
			isa = PBXFrameworksBuildPhase;
			buildActionMask = 2147483647;
			files = (
			);
			runOnlyForDeploymentPostprocessing = 0;
		};
/* End PBXFrameworksBuildPhase section */

/* Begin PBXGroup section */
		D7AA4BE91E62D66300D2D83E = {
			isa = PBXGroup;
			children = (
				D7AA4BF41E62D66300D2D83E /* OneToFifty */,
				D7AA4BF31E62D66300D2D83E /* Products */,
			);
			sourceTree = "<group>";
		};
		D7AA4BF31E62D66300D2D83E /* Products */ = {
			isa = PBXGroup;
			children = (
				D7AA4BF21E62D66300D2D83E /* OneToFifty.app */,
			);
			name = Products;
			sourceTree = "<group>";
		};
		D7AA4BF41E62D66300D2D83E /* OneToFifty */ = {
			isa = PBXGroup;
			children = (
				D7AA4BF51E62D66300D2D83E /* AppDelegate.swift */,
				D7AA4BF71E62D66300D2D83E /* ViewController.swift */,
				D7AA4BF91E62D66400D2D83E /* Main.storyboard */,
				D7AA4BFC1E62D66400D2D83E /* Assets.xcassets */,
				D7AA4BFE1E62D66400D2D83E /* LaunchScreen.storyboard */,
				D7AA4C011E62D66400D2D83E /* Info.plist */,
			);
			path = OneToFifty;
			sourceTree = "<group>";
		};
/* End PBXGroup section */

/* Begin PBXNativeTarget section */
		D7AA4BF11E62D66300D2D83E /* OneToFifty */ = {
			isa = PBXNativeTarget;
			buildConfigurationList = D7AA4C041E62D66400D2D83E /* Build configuration list for PBXNativeTarget "OneToFifty" */;
			buildPhases = (
				D7AA4BEE1E62D66300D2D83E /* Sources */,
				D7AA4BEF1E62D66300D2D83E /* Frameworks */,
				D7AA4BF01E62D66300D2D83E /* Resources */,
			);
			buildRules = (
			);
			dependencies = (
			);
			name = OneToFifty;
			productName = OneToFifty;
			productReference = D7AA4BF21E62D66300D2D83E /* OneToFifty.app */;
			productType = "com.apple.product-type.application";
		};
/* End PBXNativeTarget section */

/* Begin PBXProject section */
		D7AA4BEA1E62D66300D2D83E /* Project object */ = {
			isa = PBXProject;
			attributes = {
				LastSwiftUpdateCheck = 0820;
				LastUpgradeCheck = 0820;
				ORGANIZATIONNAME = test;
				TargetAttributes = {
					D7AA4BF11E62D66300D2D83E = {
						CreatedOnToolsVersion = 8.2.1;
						ProvisioningStyle = Automatic;
					};
				};
			};
			buildConfigurationList = D7AA4BED1E62D66300D2D83E /* Build configuration list for PBXProject "OneToFifty" */;
			compatibilityVersion = "Xcode 3.2";
			developmentRegion = English;
			hasScannedForEncodings = 0;
			knownRegions = (
				en,
				Base,
			);
			mainGroup = D7AA4BE91E62D66300D2D83E;
			productRefGroup = D7AA4BF31E62D66300D2D83E /* Products */;
			projectDirPath = "";
			projectRoot = "";
			targets = (
				D7AA4BF11E62D66300D2D83E /* OneToFifty */,
			);
		};
/* End PBXProject section */

/* Begin PBXResourcesBuildPhase section */
		D7AA4BF01E62D66300D2D83E /* Resources */ = {
			isa = PBXResourcesBuildPhase;
			buildActionMask = 2147483647;
			files = (
				D7AA4C001E62D66400D2D83E /* LaunchScreen.storyboard in Resources */,
				D7AA4BFD1E62D66400D2D83E /* Assets.xcassets in Resources */,
				D7AA4BFB1E62D66400D2D83E /* Main.storyboard in Resources */,
			);
			runOnlyForDeploymentPostprocessing = 0;
		};
/* End PBXResourcesBuildPhase section */

/* Begin PBXSourcesBuildPhase section */
		D7AA4BEE1E62D66300D2D83E /* Sources */ = {
			isa = PBXSourcesBuildPhase;
			buildActionMask = 2147483647;
			files = (
				D7AA4BF81E62D66300D2D83E /* ViewController.swift in Sources */,
				D7AA4BF61E62D66300D2D83E /* AppDelegate.swift in Sources */,
			);
			runOnlyForDeploymentPostprocessing = 0;
		};
/* End PBXSourcesBuildPhase section */

/* Begin PBXVariantGroup section */
		D7AA4BF91E62D66400D2D83E /* Main.storyboard */ = {
			isa = PBXVariantGroup;
			children = (
				D7AA4BFA1E62D66400D2D83E /* Base */,
			);
			name = Main.storyboard;
			sourceTree = "<group>";
		};
		D7AA4BFE1E62D66400D2D83E /* LaunchScreen.storyboard */ = {
			isa = PBXVariantGroup;
			children = (
				D7AA4BFF1E62D66400D2D83E /* Base */,
			);
			name = LaunchScreen.storyboard;
			sourceTree = "<group>";
		};
/* End PBXVariantGroup section */

/* Begin XCBuildConfiguration section */
		D7AA4C021E62D66400D2D83E /* Debug */ = {
			isa = XCBuildConfiguration;
			buildSettings = {
				ALWAYS_SEARCH_USER_PATHS = NO;
				CLANG_ANALYZER_NONNULL = YES;
				CLANG_CXX_LANGUAGE_STANDARD = "gnu++0x";
				CLANG_CXX_LIBRARY = "libc++";
				CLANG_ENABLE_MODULES = YES;
				CLANG_ENABLE_OBJC_ARC = YES;
				CLANG_WARN_BOOL_CONVERSION = YES;
				CLANG_WARN_CONSTANT_CONVERSION = YES;
				CLANG_WARN_DIRECT_OBJC_ISA_USAGE = YES_ERROR;
				CLANG_WARN_DOCUMENTATION_COMMENTS = YES;
				CLANG_WARN_EMPTY_BODY = YES;
				CLANG_WARN_ENUM_CONVERSION = YES;
				CLANG_WARN_INFINITE_RECURSION = YES;
				CLANG_WARN_INT_CONVERSION = YES;
				CLANG_WARN_OBJC_ROOT_CLASS = YES_ERROR;
				CLANG_WARN_SUSPICIOUS_MOVE = YES;
				CLANG_WARN_UNREACHABLE_CODE = YES;
				CLANG_WARN__DUPLICATE_METHOD_MATCH = YES;
				"CODE_SIGN_IDENTITY[sdk=iphoneos*]" = "iPhone Developer";
				COPY_PHASE_STRIP = NO;
				DEBUG_INFORMATION_FORMAT = dwarf;
				ENABLE_STRICT_OBJC_MSGSEND = YES;
				ENABLE_TESTABILITY = YES;
				GCC_C_LANGUAGE_STANDARD = gnu99;
				GCC_DYNAMIC_NO_PIC = NO;
				GCC_NO_COMMON_BLOCKS = YES;
				GCC_OPTIMIZATION_LEVEL = 0;
				GCC_PREPROCESSOR_DEFINITIONS = (
					"DEBUG=1",
					"$(inherited)",
				);
				GCC_WARN_64_TO_32_BIT_CONVERSION = YES;
				GCC_WARN_ABOUT_RETURN_TYPE = YES_ERROR;
				GCC_WARN_UNDECLARED_SELECTOR = YES;
				GCC_WARN_UNINITIALIZED_AUTOS = YES_AGGRESSIVE;
				GCC_WARN_UNUSED_FUNCTION = YES;
				GCC_WARN_UNUSED_VARIABLE = YES;
				IPHONEOS_DEPLOYMENT_TARGET = 10.2;
				MTL_ENABLE_DEBUG_INFO = YES;
				ONLY_ACTIVE_ARCH = YES;
				SDKROOT = iphoneos;
				SWIFT_ACTIVE_COMPILATION_CONDITIONS = DEBUG;
				SWIFT_OPTIMIZATION_LEVEL = "-Onone";
				TARGETED_DEVICE_FAMILY = "1,2";
			};
			name = Debug;
		};
		D7AA4C031E62D66400D2D83E /* Release */ = {
			isa = XCBuildConfiguration;
			buildSettings = {
				ALWAYS_SEARCH_USER_PATHS = NO;
				CLANG_ANALYZER_NONNULL = YES;
				CLANG_CXX_LANGUAGE_STANDARD = "gnu++0x";
				CLANG_CXX_LIBRARY = "libc++";
				CLANG_ENABLE_MODULES = YES;
				CLANG_ENABLE_OBJC_ARC = YES;
				CLANG_WARN_BOOL_CONVERSION = YES;
				CLANG_WARN_CONSTANT_CONVERSION = YES;
				CLANG_WARN_DIRECT_OBJC_ISA_USAGE = YES_ERROR;
				CLANG_WARN_DOCUMENTATION_COMMENTS = YES;
				CLANG_WARN_EMPTY_BODY = YES;
				CLANG_WARN_ENUM_CONVERSION = YES;
				CLANG_WARN_INFINITE_RECURSION = YES;
				CLANG_WARN_INT_CONVERSION = YES;
				CLANG_WARN_OBJC_ROOT_CLASS = YES_ERROR;
				CLANG_WARN_SUSPICIOUS_MOVE = YES;
				CLANG_WARN_UNREACHABLE_CODE = YES;
				CLANG_WARN__DUPLICATE_METHOD_MATCH = YES;
				"CODE_SIGN_IDENTITY[sdk=iphoneos*]" = "iPhone Developer";
				COPY_PHASE_STRIP = NO;
				DEBUG_INFORMATION_FORMAT = "dwarf-with-dsym";
				ENABLE_NS_ASSERTIONS = NO;
				ENABLE_STRICT_OBJC_MSGSEND = YES;
				GCC_C_LANGUAGE_STANDARD = gnu99;
				GCC_NO_COMMON_BLOCKS = YES;
				GCC_WARN_64_TO_32_BIT_CONVERSION = YES;
				GCC_WARN_ABOUT_RETURN_TYPE = YES_ERROR;
				GCC_WARN_UNDECLARED_SELECTOR = YES;
				GCC_WARN_UNINITIALIZED_AUTOS = YES_AGGRESSIVE;
				GCC_WARN_UNUSED_FUNCTION = YES;
				GCC_WARN_UNUSED_VARIABLE = YES;
				IPHONEOS_DEPLOYMENT_TARGET = 10.2;
				MTL_ENABLE_DEBUG_INFO = NO;
				SDKROOT = iphoneos;
				SWIFT_OPTIMIZATION_LEVEL = "-Owholemodule";
				TARGETED_DEVICE_FAMILY = "1,2";
				VALIDATE_PRODUCT = YES;
			};
			name = Release;
		};
		D7AA4C051E62D66400D2D83E /* Debug */ = {
			isa = XCBuildConfiguration;
			buildSettings = {
				ASSETCATALOG_COMPILER_APPICON_NAME = AppIcon;
				INFOPLIST_FILE = OneToFifty/Info.plist;
				LD_RUNPATH_SEARCH_PATHS = "$(inherited) @executable_path/Frameworks";
				PRODUCT_BUNDLE_IDENTIFIER = com.test.OneToFifty;
				PRODUCT_NAME = "$(TARGET_NAME)";
				SWIFT_VERSION = 3.0;
			};
			name = Debug;
		};
		D7AA4C061E62D66400D2D83E /* Release */ = {
			isa = XCBuildConfiguration;
			buildSettings = {
				ASSETCATALOG_COMPILER_APPICON_NAME = AppIcon;
				INFOPLIST_FILE = OneToFifty/Info.plist;
				LD_RUNPATH_SEARCH_PATHS = "$(inherited) @executable_path/Frameworks";
				PRODUCT_BUNDLE_IDENTIFIER = com.test.OneToFifty;
				PRODUCT_NAME = "$(TARGET_NAME)";
				SWIFT_VERSION = 3.0;
			};
			name = Release;
		};
/* End XCBuildConfiguration section */

/* Begin XCConfigurationList section */
		D7AA4BED1E62D66300D2D83E /* Build configuration list for PBXProject "OneToFifty" */ = {
			isa = XCConfigurationList;
			buildConfigurations = (
				D7AA4C021E62D66400D2D83E /* Debug */,
				D7AA4C031E62D66400D2D83E /* Release */,
			);
			defaultConfigurationIsVisible = 0;
			defaultConfigurationName = Release;
		};
		D7AA4C041E62D66400D2D83E /* Build configuration list for PBXNativeTarget "OneToFifty" */ = {
			isa = XCConfigurationList;
			buildConfigurations = (
				D7AA4C051E62D66400D2D83E /* Debug */,
				D7AA4C061E62D66400D2D83E /* Release */,
			);
			defaultConfigurationIsVisible = 0;
		};
/* End XCConfigurationList section */
	};
	rootObject = D7AA4BEA1E62D66300D2D83E /* Project object */;
}
