// !$*UTF8*$!
{
	archiveVersion = 1;
	classes = {
	};
	objectVersion = 46;
	objects = {

/* Begin PBXBuildFile section */
		66FB8AF91EA2687000C92C21 /* AppDelegate.swift in Sources */ = {isa = PBXBuildFile; fileRef = 66FB8AF81EA2687000C92C21 /* AppDelegate.swift */; };
		66FB8AFB1EA2687000C92C21 /* ViewController.swift in Sources */ = {isa = PBXBuildFile; fileRef = 66FB8AFA1EA2687000C92C21 /* ViewController.swift */; };
		66FB8AFE1EA2687000C92C21 /* Main.storyboard in Resources */ = {isa = PBXBuildFile; fileRef = 66FB8AFC1EA2687000C92C21 /* Main.storyboard */; };
		66FB8B001EA2687000C92C21 /* Assets.xcassets in Resources */ = {isa = PBXBuildFile; fileRef = 66FB8AFF1EA2687000C92C21 /* Assets.xcassets */; };
		66FB8B031EA2687000C92C21 /* LaunchScreen.storyboard in Resources */ = {isa = PBXBuildFile; fileRef = 66FB8B011EA2687000C92C21 /* LaunchScreen.storyboard */; };
/* End PBXBuildFile section */

/* Begin PBXFileReference section */
		66FB8AF51EA2687000C92C21 /* CustomButtonImage.app */ = {isa = PBXFileReference; explicitFileType = wrapper.application; includeInIndex = 0; path = CustomButtonImage.app; sourceTree = BUILT_PRODUCTS_DIR; };
		66FB8AF81EA2687000C92C21 /* AppDelegate.swift */ = {isa = PBXFileReference; lastKnownFileType = sourcecode.swift; path = AppDelegate.swift; sourceTree = "<group>"; };
		66FB8AFA1EA2687000C92C21 /* ViewController.swift */ = {isa = PBXFileReference; lastKnownFileType = sourcecode.swift; path = ViewController.swift; sourceTree = "<group>"; };
		66FB8AFD1EA2687000C92C21 /* Base */ = {isa = PBXFileReference; lastKnownFileType = file.storyboard; name = Base; path = Base.lproj/Main.storyboard; sourceTree = "<group>"; };
		66FB8AFF1EA2687000C92C21 /* Assets.xcassets */ = {isa = PBXFileReference; lastKnownFileType = folder.assetcatalog; path = Assets.xcassets; sourceTree = "<group>"; };
		66FB8B021EA2687000C92C21 /* Base */ = {isa = PBXFileReference; lastKnownFileType = file.storyboard; name = Base; path = Base.lproj/LaunchScreen.storyboard; sourceTree = "<group>"; };
		66FB8B041EA2687000C92C21 /* Info.plist */ = {isa = PBXFileReference; lastKnownFileType = text.plist.xml; path = Info.plist; sourceTree = "<group>"; };
/* End PBXFileReference section */

/* Begin PBXFrameworksBuildPhase section */
		66FB8AF21EA2687000C92C21 /* Frameworks */ = {
			isa = PBXFrameworksBuildPhase;
			buildActionMask = 2147483647;
			files = (
			);
			runOnlyForDeploymentPostprocessing = 0;
		};
/* End PBXFrameworksBuildPhase section */

/* Begin PBXGroup section */
		66FB8AEC1EA2687000C92C21 = {
			isa = PBXGroup;
			children = (
				66FB8AF71EA2687000C92C21 /* CustomButtonImage */,
				66FB8AF61EA2687000C92C21 /* Products */,
			);
			sourceTree = "<group>";
		};
		66FB8AF61EA2687000C92C21 /* Products */ = {
			isa = PBXGroup;
			children = (
				66FB8AF51EA2687000C92C21 /* CustomButtonImage.app */,
			);
			name = Products;
			sourceTree = "<group>";
		};
		66FB8AF71EA2687000C92C21 /* CustomButtonImage */ = {
			isa = PBXGroup;
			children = (
				66FB8AF81EA2687000C92C21 /* AppDelegate.swift */,
				66FB8AFA1EA2687000C92C21 /* ViewController.swift */,
				66FB8AFC1EA2687000C92C21 /* Main.storyboard */,
				66FB8AFF1EA2687000C92C21 /* Assets.xcassets */,
				66FB8B011EA2687000C92C21 /* LaunchScreen.storyboard */,
				66FB8B041EA2687000C92C21 /* Info.plist */,
			);
			path = CustomButtonImage;
			sourceTree = "<group>";
		};
/* End PBXGroup section */

/* Begin PBXNativeTarget section */
		66FB8AF41EA2687000C92C21 /* CustomButtonImage */ = {
			isa = PBXNativeTarget;
			buildConfigurationList = 66FB8B071EA2687000C92C21 /* Build configuration list for PBXNativeTarget "CustomButtonImage" */;
			buildPhases = (
				66FB8AF11EA2687000C92C21 /* Sources */,
				66FB8AF21EA2687000C92C21 /* Frameworks */,
				66FB8AF31EA2687000C92C21 /* Resources */,
			);
			buildRules = (
			);
			dependencies = (
			);
			name = CustomButtonImage;
			productName = CustomButtonImage;
			productReference = 66FB8AF51EA2687000C92C21 /* CustomButtonImage.app */;
			productType = "com.apple.product-type.application";
		};
/* End PBXNativeTarget section */

/* Begin PBXProject section */
		66FB8AED1EA2687000C92C21 /* Project object */ = {
			isa = PBXProject;
			attributes = {
				LastSwiftUpdateCheck = 0830;
				LastUpgradeCheck = 0830;
				ORGANIZATIONNAME = test;
				TargetAttributes = {
					66FB8AF41EA2687000C92C21 = {
						CreatedOnToolsVersion = 8.3.1;
						ProvisioningStyle = Automatic;
					};
				};
			};
			buildConfigurationList = 66FB8AF01EA2687000C92C21 /* Build configuration list for PBXProject "CustomButtonImage" */;
			compatibilityVersion = "Xcode 3.2";
			developmentRegion = English;
			hasScannedForEncodings = 0;
			knownRegions = (
				en,
				Base,
			);
			mainGroup = 66FB8AEC1EA2687000C92C21;
			productRefGroup = 66FB8AF61EA2687000C92C21 /* Products */;
			projectDirPath = "";
			projectRoot = "";
			targets = (
				66FB8AF41EA2687000C92C21 /* CustomButtonImage */,
			);
		};
/* End PBXProject section */

/* Begin PBXResourcesBuildPhase section */
		66FB8AF31EA2687000C92C21 /* Resources */ = {
			isa = PBXResourcesBuildPhase;
			buildActionMask = 2147483647;
			files = (
				66FB8B031EA2687000C92C21 /* LaunchScreen.storyboard in Resources */,
				66FB8B001EA2687000C92C21 /* Assets.xcassets in Resources */,
				66FB8AFE1EA2687000C92C21 /* Main.storyboard in Resources */,
			);
			runOnlyForDeploymentPostprocessing = 0;
		};
/* End PBXResourcesBuildPhase section */

/* Begin PBXSourcesBuildPhase section */
		66FB8AF11EA2687000C92C21 /* Sources */ = {
			isa = PBXSourcesBuildPhase;
			buildActionMask = 2147483647;
			files = (
				66FB8AFB1EA2687000C92C21 /* ViewController.swift in Sources */,
				66FB8AF91EA2687000C92C21 /* AppDelegate.swift in Sources */,
			);
			runOnlyForDeploymentPostprocessing = 0;
		};
/* End PBXSourcesBuildPhase section */

/* Begin PBXVariantGroup section */
		66FB8AFC1EA2687000C92C21 /* Main.storyboard */ = {
			isa = PBXVariantGroup;
			children = (
				66FB8AFD1EA2687000C92C21 /* Base */,
			);
			name = Main.storyboard;
			sourceTree = "<group>";
		};
		66FB8B011EA2687000C92C21 /* LaunchScreen.storyboard */ = {
			isa = PBXVariantGroup;
			children = (
				66FB8B021EA2687000C92C21 /* Base */,
			);
			name = LaunchScreen.storyboard;
			sourceTree = "<group>";
		};
/* End PBXVariantGroup section */

/* Begin XCBuildConfiguration section */
		66FB8B051EA2687000C92C21 /* Debug */ = {
			isa = XCBuildConfiguration;
			buildSettings = {
				ALWAYS_SEARCH_USER_PATHS = NO;
				CLANG_ANALYZER_NONNULL = YES;
				CLANG_ANALYZER_NUMBER_OBJECT_CONVERSION = YES_AGGRESSIVE;
				CLANG_CXX_LANGUAGE_STANDARD = "gnu++0x";
				CLANG_CXX_LIBRARY = "libc++";
				CLANG_ENABLE_MODULES = YES;
				CLANG_ENABLE_OBJC_ARC = YES;
				CLANG_WARN_BOOL_CONVERSION = YES;
				CLANG_WARN_CONSTANT_CONVERSION = YES;
				CLANG_WARN_DIRECT_OBJC_ISA_USAGE = YES_ERROR;
				CLANG_WARN_DOCUMENTATION_COMMENTS = YES;
				CLANG_WARN_EMPTY_BODY = YES;
				CLANG_WARN_ENUM_CONVERSION = YES;
				CLANG_WARN_INFINITE_RECURSION = YES;
				CLANG_WARN_INT_CONVERSION = YES;
				CLANG_WARN_OBJC_ROOT_CLASS = YES_ERROR;
				CLANG_WARN_SUSPICIOUS_MOVE = YES;
				CLANG_WARN_UNREACHABLE_CODE = YES;
				CLANG_WARN__DUPLICATE_METHOD_MATCH = YES;
				"CODE_SIGN_IDENTITY[sdk=iphoneos*]" = "iPhone Developer";
				COPY_PHASE_STRIP = NO;
				DEBUG_INFORMATION_FORMAT = dwarf;
				ENABLE_STRICT_OBJC_MSGSEND = YES;
				ENABLE_TESTABILITY = YES;
				GCC_C_LANGUAGE_STANDARD = gnu99;
				GCC_DYNAMIC_NO_PIC = NO;
				GCC_NO_COMMON_BLOCKS = YES;
				GCC_OPTIMIZATION_LEVEL = 0;
				GCC_PREPROCESSOR_DEFINITIONS = (
					"DEBUG=1",
					"$(inherited)",
				);
				GCC_WARN_64_TO_32_BIT_CONVERSION = YES;
				GCC_WARN_ABOUT_RETURN_TYPE = YES_ERROR;
				GCC_WARN_UNDECLARED_SELECTOR = YES;
				GCC_WARN_UNINITIALIZED_AUTOS = YES_AGGRESSIVE;
				GCC_WARN_UNUSED_FUNCTION = YES;
				GCC_WARN_UNUSED_VARIABLE = YES;
				IPHONEOS_DEPLOYMENT_TARGET = 10.3;
				MTL_ENABLE_DEBUG_INFO = YES;
				ONLY_ACTIVE_ARCH = YES;
				SDKROOT = iphoneos;
				SWIFT_ACTIVE_COMPILATION_CONDITIONS = DEBUG;
				SWIFT_OPTIMIZATION_LEVEL = "-Onone";
				TARGETED_DEVICE_FAMILY = "1,2";
			};
			name = Debug;
		};
		66FB8B061EA2687000C92C21 /* Release */ = {
			isa = XCBuildConfiguration;
			buildSettings = {
				ALWAYS_SEARCH_USER_PATHS = NO;
				CLANG_ANALYZER_NONNULL = YES;
				CLANG_ANALYZER_NUMBER_OBJECT_CONVERSION = YES_AGGRESSIVE;
				CLANG_CXX_LANGUAGE_STANDARD = "gnu++0x";
				CLANG_CXX_LIBRARY = "libc++";
				CLANG_ENABLE_MODULES = YES;
				CLANG_ENABLE_OBJC_ARC = YES;
				CLANG_WARN_BOOL_CONVERSION = YES;
				CLANG_WARN_CONSTANT_CONVERSION = YES;
				CLANG_WARN_DIRECT_OBJC_ISA_USAGE = YES_ERROR;
				CLANG_WARN_DOCUMENTATION_COMMENTS = YES;
				CLANG_WARN_EMPTY_BODY = YES;
				CLANG_WARN_ENUM_CONVERSION = YES;
				CLANG_WARN_INFINITE_RECURSION = YES;
				CLANG_WARN_INT_CONVERSION = YES;
				CLANG_WARN_OBJC_ROOT_CLASS = YES_ERROR;
				CLANG_WARN_SUSPICIOUS_MOVE = YES;
				CLANG_WARN_UNREACHABLE_CODE = YES;
				CLANG_WARN__DUPLICATE_METHOD_MATCH = YES;
				"CODE_SIGN_IDENTITY[sdk=iphoneos*]" = "iPhone Developer";
				COPY_PHASE_STRIP = NO;
				DEBUG_INFORMATION_FORMAT = "dwarf-with-dsym";
				ENABLE_NS_ASSERTIONS = NO;
				ENABLE_STRICT_OBJC_MSGSEND = YES;
				GCC_C_LANGUAGE_STANDARD = gnu99;
				GCC_NO_COMMON_BLOCKS = YES;
				GCC_WARN_64_TO_32_BIT_CONVERSION = YES;
				GCC_WARN_ABOUT_RETURN_TYPE = YES_ERROR;
				GCC_WARN_UNDECLARED_SELECTOR = YES;
				GCC_WARN_UNINITIALIZED_AUTOS = YES_AGGRESSIVE;
				GCC_WARN_UNUSED_FUNCTION = YES;
				GCC_WARN_UNUSED_VARIABLE = YES;
				IPHONEOS_DEPLOYMENT_TARGET = 10.3;
				MTL_ENABLE_DEBUG_INFO = NO;
				SDKROOT = iphoneos;
				SWIFT_OPTIMIZATION_LEVEL = "-Owholemodule";
				TARGETED_DEVICE_FAMILY = "1,2";
				VALIDATE_PRODUCT = YES;
			};
			name = Release;
		};
		66FB8B081EA2687000C92C21 /* Debug */ = {
			isa = XCBuildConfiguration;
			buildSettings = {
				ASSETCATALOG_COMPILER_APPICON_NAME = AppIcon;
				INFOPLIST_FILE = CustomButtonImage/Info.plist;
				LD_RUNPATH_SEARCH_PATHS = "$(inherited) @executable_path/Frameworks";
				PRODUCT_BUNDLE_IDENTIFIER = com.test.CustomButtonImage;
				PRODUCT_NAME = "$(TARGET_NAME)";
				SWIFT_VERSION = 3.0;
			};
			name = Debug;
		};
		66FB8B091EA2687000C92C21 /* Release */ = {
			isa = XCBuildConfiguration;
			buildSettings = {
				ASSETCATALOG_COMPILER_APPICON_NAME = AppIcon;
				INFOPLIST_FILE = CustomButtonImage/Info.plist;
				LD_RUNPATH_SEARCH_PATHS = "$(inherited) @executable_path/Frameworks";
				PRODUCT_BUNDLE_IDENTIFIER = com.test.CustomButtonImage;
				PRODUCT_NAME = "$(TARGET_NAME)";
				SWIFT_VERSION = 3.0;
			};
			name = Release;
		};
/* End XCBuildConfiguration section */

/* Begin XCConfigurationList section */
		66FB8AF01EA2687000C92C21 /* Build configuration list for PBXProject "CustomButtonImage" */ = {
			isa = XCConfigurationList;
			buildConfigurations = (
				66FB8B051EA2687000C92C21 /* Debug */,
				66FB8B061EA2687000C92C21 /* Release */,
			);
			defaultConfigurationIsVisible = 0;
			defaultConfigurationName = Release;
		};
		66FB8B071EA2687000C92C21 /* Build configuration list for PBXNativeTarget "CustomButtonImage" */ = {
			isa = XCConfigurationList;
			buildConfigurations = (
				66FB8B081EA2687000C92C21 /* Debug */,
				66FB8B091EA2687000C92C21 /* Release */,
			);
			defaultConfigurationIsVisible = 0;
		};
/* End XCConfigurationList section */
	};
	rootObject = 66FB8AED1EA2687000C92C21 /* Project object */;
}
